// !$*UTF8*$!
{
	archiveVersion = 1;
	classes = {
	};
	objectVersion = 46;
	objects = {

/* Begin PBXBuildFile section */
		DF3A368719ED63BE00606980 /* AppDelegate.swift in Sources */ = {isa = PBXBuildFile; fileRef = DF3A368619ED63BE00606980 /* AppDelegate.swift */; };
		DF3A368C19ED63BE00606980 /* Main.storyboard in Resources */ = {isa = PBXBuildFile; fileRef = DF3A368A19ED63BE00606980 /* Main.storyboard */; };
		DF3A368E19ED63BE00606980 /* Images.xcassets in Resources */ = {isa = PBXBuildFile; fileRef = DF3A368D19ED63BE00606980 /* Images.xcassets */; };
		DF3A369119ED63BE00606980 /* LaunchScreen.xib in Resources */ = {isa = PBXBuildFile; fileRef = DF3A368F19ED63BE00606980 /* LaunchScreen.xib */; };
		DF3A369D19ED63BE00606980 /* DeviceInfoTests.swift in Sources */ = {isa = PBXBuildFile; fileRef = DF3A369C19ED63BE00606980 /* DeviceInfoTests.swift */; };
		DF3A36A719ED67E700606980 /* DeviceTableViewController.swift in Sources */ = {isa = PBXBuildFile; fileRef = DF3A36A619ED67E700606980 /* DeviceTableViewController.swift */; };
/* End PBXBuildFile section */

/* Begin PBXContainerItemProxy section */
		DF3A369719ED63BE00606980 /* PBXContainerItemProxy */ = {
			isa = PBXContainerItemProxy;
			containerPortal = DF3A367919ED63BE00606980 /* Project object */;
			proxyType = 1;
			remoteGlobalIDString = DF3A368019ED63BE00606980;
			remoteInfo = DeviceInfo;
		};
/* End PBXContainerItemProxy section */

/* Begin PBXFileReference section */
		DF3A368119ED63BE00606980 /* DeviceInfo.app */ = {isa = PBXFileReference; explicitFileType = wrapper.application; includeInIndex = 0; path = DeviceInfo.app; sourceTree = BUILT_PRODUCTS_DIR; };
		DF3A368519ED63BE00606980 /* Info.plist */ = {isa = PBXFileReference; lastKnownFileType = text.plist.xml; path = Info.plist; sourceTree = "<group>"; };
		DF3A368619ED63BE00606980 /* AppDelegate.swift */ = {isa = PBXFileReference; lastKnownFileType = sourcecode.swift; path = AppDelegate.swift; sourceTree = "<group>"; };
		DF3A368B19ED63BE00606980 /* Base */ = {isa = PBXFileReference; lastKnownFileType = file.storyboard; name = Base; path = Base.lproj/Main.storyboard; sourceTree = "<group>"; };
		DF3A368D19ED63BE00606980 /* Images.xcassets */ = {isa = PBXFileReference; lastKnownFileType = folder.assetcatalog; path = Images.xcassets; sourceTree = "<group>"; };
		DF3A369019ED63BE00606980 /* Base */ = {isa = PBXFileReference; lastKnownFileType = file.xib; name = Base; path = Base.lproj/LaunchScreen.xib; sourceTree = "<group>"; };
		DF3A369619ED63BE00606980 /* DeviceInfoTests.xctest */ = {isa = PBXFileReference; explicitFileType = wrapper.cfbundle; includeInIndex = 0; path = DeviceInfoTests.xctest; sourceTree = BUILT_PRODUCTS_DIR; };
		DF3A369B19ED63BE00606980 /* Info.plist */ = {isa = PBXFileReference; lastKnownFileType = text.plist.xml; path = Info.plist; sourceTree = "<group>"; };
		DF3A369C19ED63BE00606980 /* DeviceInfoTests.swift */ = {isa = PBXFileReference; lastKnownFileType = sourcecode.swift; path = DeviceInfoTests.swift; sourceTree = "<group>"; };
		DF3A36A619ED67E700606980 /* DeviceTableViewController.swift */ = {isa = PBXFileReference; fileEncoding = 4; lastKnownFileType = sourcecode.swift; path = DeviceTableViewController.swift; sourceTree = "<group>"; };
/* End PBXFileReference section */

/* Begin PBXFrameworksBuildPhase section */
		DF3A367E19ED63BE00606980 /* Frameworks */ = {
			isa = PBXFrameworksBuildPhase;
			buildActionMask = 2147483647;
			files = (
			);
			runOnlyForDeploymentPostprocessing = 0;
		};
		DF3A369319ED63BE00606980 /* Frameworks */ = {
			isa = PBXFrameworksBuildPhase;
			buildActionMask = 2147483647;
			files = (
			);
			runOnlyForDeploymentPostprocessing = 0;
		};
/* End PBXFrameworksBuildPhase section */

/* Begin PBXGroup section */
		DF3A367819ED63BE00606980 = {
			isa = PBXGroup;
			children = (
				DF3A368319ED63BE00606980 /* DeviceInfo */,
				DF3A369919ED63BE00606980 /* DeviceInfoTests */,
				DF3A368219ED63BE00606980 /* Products */,
			);
			sourceTree = "<group>";
		};
		DF3A368219ED63BE00606980 /* Products */ = {
			isa = PBXGroup;
			children = (
				DF3A368119ED63BE00606980 /* DeviceInfo.app */,
				DF3A369619ED63BE00606980 /* DeviceInfoTests.xctest */,
			);
			name = Products;
			sourceTree = "<group>";
		};
		DF3A368319ED63BE00606980 /* DeviceInfo */ = {
			isa = PBXGroup;
			children = (
				DF3A368619ED63BE00606980 /* AppDelegate.swift */,
				DF3A368A19ED63BE00606980 /* Main.storyboard */,
				DF3A368D19ED63BE00606980 /* Images.xcassets */,
				DF3A368F19ED63BE00606980 /* LaunchScreen.xib */,
				DF3A368419ED63BE00606980 /* Supporting Files */,
				DF3A36A619ED67E700606980 /* DeviceTableViewController.swift */,
			);
			path = DeviceInfo;
			sourceTree = "<group>";
		};
		DF3A368419ED63BE00606980 /* Supporting Files */ = {
			isa = PBXGroup;
			children = (
				DF3A368519ED63BE00606980 /* Info.plist */,
			);
			name = "Supporting Files";
			sourceTree = "<group>";
		};
		DF3A369919ED63BE00606980 /* DeviceInfoTests */ = {
			isa = PBXGroup;
			children = (
				DF3A369C19ED63BE00606980 /* DeviceInfoTests.swift */,
				DF3A369A19ED63BE00606980 /* Supporting Files */,
			);
			path = DeviceInfoTests;
			sourceTree = "<group>";
		};
		DF3A369A19ED63BE00606980 /* Supporting Files */ = {
			isa = PBXGroup;
			children = (
				DF3A369B19ED63BE00606980 /* Info.plist */,
			);
			name = "Supporting Files";
			sourceTree = "<group>";
		};
/* End PBXGroup section */

/* Begin PBXNativeTarget section */
		DF3A368019ED63BE00606980 /* DeviceInfo */ = {
			isa = PBXNativeTarget;
			buildConfigurationList = DF3A36A019ED63BE00606980 /* Build configuration list for PBXNativeTarget "DeviceInfo" */;
			buildPhases = (
				DF3A367D19ED63BE00606980 /* Sources */,
				DF3A367E19ED63BE00606980 /* Frameworks */,
				DF3A367F19ED63BE00606980 /* Resources */,
			);
			buildRules = (
			);
			dependencies = (
			);
			name = DeviceInfo;
			productName = DeviceInfo;
			productReference = DF3A368119ED63BE00606980 /* DeviceInfo.app */;
			productType = "com.apple.product-type.application";
		};
		DF3A369519ED63BE00606980 /* DeviceInfoTests */ = {
			isa = PBXNativeTarget;
			buildConfigurationList = DF3A36A319ED63BE00606980 /* Build configuration list for PBXNativeTarget "DeviceInfoTests" */;
			buildPhases = (
				DF3A369219ED63BE00606980 /* Sources */,
				DF3A369319ED63BE00606980 /* Frameworks */,
				DF3A369419ED63BE00606980 /* Resources */,
			);
			buildRules = (
			);
			dependencies = (
				DF3A369819ED63BE00606980 /* PBXTargetDependency */,
			);
			name = DeviceInfoTests;
			productName = DeviceInfoTests;
			productReference = DF3A369619ED63BE00606980 /* DeviceInfoTests.xctest */;
			productType = "com.apple.product-type.bundle.unit-test";
		};
/* End PBXNativeTarget section */

/* Begin PBXProject section */
		DF3A367919ED63BE00606980 /* Project object */ = {
			isa = PBXProject;
			attributes = {
				LastUpgradeCheck = 0610;
				ORGANIZATIONNAME = aiconoa;
				TargetAttributes = {
					DF3A368019ED63BE00606980 = {
						CreatedOnToolsVersion = 6.1;
					};
					DF3A369519ED63BE00606980 = {
						CreatedOnToolsVersion = 6.1;
						TestTargetID = DF3A368019ED63BE00606980;
					};
				};
			};
			buildConfigurationList = DF3A367C19ED63BE00606980 /* Build configuration list for PBXProject "DeviceInfo" */;
			compatibilityVersion = "Xcode 3.2";
			developmentRegion = English;
			hasScannedForEncodings = 0;
			knownRegions = (
				en,
				Base,
			);
			mainGroup = DF3A367819ED63BE00606980;
			productRefGroup = DF3A368219ED63BE00606980 /* Products */;
			projectDirPath = "";
			projectRoot = "";
			targets = (
				DF3A368019ED63BE00606980 /* DeviceInfo */,
				DF3A369519ED63BE00606980 /* DeviceInfoTests */,
			);
		};
/* End PBXProject section */

/* Begin PBXResourcesBuildPhase section */
		DF3A367F19ED63BE00606980 /* Resources */ = {
			isa = PBXResourcesBuildPhase;
			buildActionMask = 2147483647;
			files = (
				DF3A368C19ED63BE00606980 /* Main.storyboard in Resources */,
				DF3A369119ED63BE00606980 /* LaunchScreen.xib in Resources */,
				DF3A368E19ED63BE00606980 /* Images.xcassets in Resources */,
			);
			runOnlyForDeploymentPostprocessing = 0;
		};
		DF3A369419ED63BE00606980 /* Resources */ = {
			isa = PBXResourcesBuildPhase;
			buildActionMask = 2147483647;
			files = (
			);
			runOnlyForDeploymentPostprocessing = 0;
		};
/* End PBXResourcesBuildPhase section */

/* Begin PBXSourcesBuildPhase section */
		DF3A367D19ED63BE00606980 /* Sources */ = {
			isa = PBXSourcesBuildPhase;
			buildActionMask = 2147483647;
			files = (
				DF3A36A719ED67E700606980 /* DeviceTableViewController.swift in Sources */,
				DF3A368719ED63BE00606980 /* AppDelegate.swift in Sources */,
			);
			runOnlyForDeploymentPostprocessing = 0;
		};
		DF3A369219ED63BE00606980 /* Sources */ = {
			isa = PBXSourcesBuildPhase;
			buildActionMask = 2147483647;
			files = (
				DF3A369D19ED63BE00606980 /* DeviceInfoTests.swift in Sources */,
			);
			runOnlyForDeploymentPostprocessing = 0;
		};
/* End PBXSourcesBuildPhase section */

/* Begin PBXTargetDependency section */
		DF3A369819ED63BE00606980 /* PBXTargetDependency */ = {
			isa = PBXTargetDependency;
			target = DF3A368019ED63BE00606980 /* DeviceInfo */;
			targetProxy = DF3A369719ED63BE00606980 /* PBXContainerItemProxy */;
		};
/* End PBXTargetDependency section */

/* Begin PBXVariantGroup section */
		DF3A368A19ED63BE00606980 /* Main.storyboard */ = {
			isa = PBXVariantGroup;
			children = (
				DF3A368B19ED63BE00606980 /* Base */,
			);
			name = Main.storyboard;
			sourceTree = "<group>";
		};
		DF3A368F19ED63BE00606980 /* LaunchScreen.xib */ = {
			isa = PBXVariantGroup;
			children = (
				DF3A369019ED63BE00606980 /* Base */,
			);
			name = LaunchScreen.xib;
			sourceTree = "<group>";
		};
/* End PBXVariantGroup section */

/* Begin XCBuildConfiguration section */
		DF3A369E19ED63BE00606980 /* Debug */ = {
			isa = XCBuildConfiguration;
			buildSettings = {
				ALWAYS_SEARCH_USER_PATHS = NO;
				CLANG_CXX_LANGUAGE_STANDARD = "gnu++0x";
				CLANG_CXX_LIBRARY = "libc++";
				CLANG_ENABLE_MODULES = YES;
				CLANG_ENABLE_OBJC_ARC = YES;
				CLANG_WARN_BOOL_CONVERSION = YES;
				CLANG_WARN_CONSTANT_CONVERSION = YES;
				CLANG_WARN_DIRECT_OBJC_ISA_USAGE = YES_ERROR;
				CLANG_WARN_EMPTY_BODY = YES;
				CLANG_WARN_ENUM_CONVERSION = YES;
				CLANG_WARN_INT_CONVERSION = YES;
				CLANG_WARN_OBJC_ROOT_CLASS = YES_ERROR;
				CLANG_WARN_UNREACHABLE_CODE = YES;
				CLANG_WARN__DUPLICATE_METHOD_MATCH = YES;
				"CODE_SIGN_IDENTITY[sdk=iphoneos*]" = "iPhone Developer";
				COPY_PHASE_STRIP = NO;
				ENABLE_STRICT_OBJC_MSGSEND = YES;
				GCC_C_LANGUAGE_STANDARD = gnu99;
				GCC_DYNAMIC_NO_PIC = NO;
				GCC_OPTIMIZATION_LEVEL = 0;
				GCC_PREPROCESSOR_DEFINITIONS = (
					"DEBUG=1",
					"$(inherited)",
				);
				GCC_SYMBOLS_PRIVATE_EXTERN = NO;
				GCC_WARN_64_TO_32_BIT_CONVERSION = YES;
				GCC_WARN_ABOUT_RETURN_TYPE = YES_ERROR;
				GCC_WARN_UNDECLARED_SELECTOR = YES;
				GCC_WARN_UNINITIALIZED_AUTOS = YES_AGGRESSIVE;
				GCC_WARN_UNUSED_FUNCTION = YES;
				GCC_WARN_UNUSED_VARIABLE = YES;
				IPHONEOS_DEPLOYMENT_TARGET = 8.1;
				MTL_ENABLE_DEBUG_INFO = YES;
				ONLY_ACTIVE_ARCH = YES;
				SDKROOT = iphoneos;
				SWIFT_OPTIMIZATION_LEVEL = "-Onone";
				TARGETED_DEVICE_FAMILY = "1,2";
			};
			name = Debug;
		};
		DF3A369F19ED63BE00606980 /* Release */ = {
			isa = XCBuildConfiguration;
			buildSettings = {
				ALWAYS_SEARCH_USER_PATHS = NO;
				CLANG_CXX_LANGUAGE_STANDARD = "gnu++0x";
				CLANG_CXX_LIBRARY = "libc++";
				CLANG_ENABLE_MODULES = YES;
				CLANG_ENABLE_OBJC_ARC = YES;
				CLANG_WARN_BOOL_CONVERSION = YES;
				CLANG_WARN_CONSTANT_CONVERSION = YES;
				CLANG_WARN_DIRECT_OBJC_ISA_USAGE = YES_ERROR;
				CLANG_WARN_EMPTY_BODY = YES;
				CLANG_WARN_ENUM_CONVERSION = YES;
				CLANG_WARN_INT_CONVERSION = YES;
				CLANG_WARN_OBJC_ROOT_CLASS = YES_ERROR;
				CLANG_WARN_UNREACHABLE_CODE = YES;
				CLANG_WARN__DUPLICATE_METHOD_MATCH = YES;
				"CODE_SIGN_IDENTITY[sdk=iphoneos*]" = "iPhone Developer";
				COPY_PHASE_STRIP = YES;
				ENABLE_NS_ASSERTIONS = NO;
				ENABLE_STRICT_OBJC_MSGSEND = YES;
				GCC_C_LANGUAGE_STANDARD = gnu99;
				GCC_WARN_64_TO_32_BIT_CONVERSION = YES;
				GCC_WARN_ABOUT_RETURN_TYPE = YES_ERROR;
				GCC_WARN_UNDECLARED_SELECTOR = YES;
				GCC_WARN_UNINITIALIZED_AUTOS = YES_AGGRESSIVE;
				GCC_WARN_UNUSED_FUNCTION = YES;
				GCC_WARN_UNUSED_VARIABLE = YES;
				IPHONEOS_DEPLOYMENT_TARGET = 8.1;
				MTL_ENABLE_DEBUG_INFO = NO;
				SDKROOT = iphoneos;
				TARGETED_DEVICE_FAMILY = "1,2";
				VALIDATE_PRODUCT = YES;
			};
			name = Release;
		};
		DF3A36A119ED63BE00606980 /* Debug */ = {
			isa = XCBuildConfiguration;
			buildSettings = {
				ASSETCATALOG_COMPILER_APPICON_NAME = AppIcon;
				INFOPLIST_FILE = DeviceInfo/Info.plist;
				LD_RUNPATH_SEARCH_PATHS = "$(inherited) @executable_path/Frameworks";
				PRODUCT_NAME = "$(TARGET_NAME)";
			};
			name = Debug;
		};
		DF3A36A219ED63BE00606980 /* Release */ = {
			isa = XCBuildConfiguration;
			buildSettings = {
				ASSETCATALOG_COMPILER_APPICON_NAME = AppIcon;
				INFOPLIST_FILE = DeviceInfo/Info.plist;
				LD_RUNPATH_SEARCH_PATHS = "$(inherited) @executable_path/Frameworks";
				PRODUCT_NAME = "$(TARGET_NAME)";
			};
			name = Release;
		};
		DF3A36A419ED63BE00606980 /* Debug */ = {
			isa = XCBuildConfiguration;
			buildSettings = {
				BUNDLE_LOADER = "$(TEST_HOST)";
				FRAMEWORK_SEARCH_PATHS = (
					"$(SDKROOT)/Developer/Library/Frameworks",
					"$(inherited)",
				);
				GCC_PREPROCESSOR_DEFINITIONS = (
					"DEBUG=1",
					"$(inherited)",
				);
				INFOPLIST_FILE = DeviceInfoTests/Info.plist;
				LD_RUNPATH_SEARCH_PATHS = "$(inherited) @executable_path/Frameworks @loader_path/Frameworks";
				PRODUCT_NAME = "$(TARGET_NAME)";
				TEST_HOST = "$(BUILT_PRODUCTS_DIR)/DeviceInfo.app/DeviceInfo";
			};
			name = Debug;
		};
		DF3A36A519ED63BE00606980 /* Release */ = {
			isa = XCBuildConfiguration;
			buildSettings = {
				BUNDLE_LOADER = "$(TEST_HOST)";
				FRAMEWORK_SEARCH_PATHS = (
					"$(SDKROOT)/Developer/Library/Frameworks",
					"$(inherited)",
				);
				INFOPLIST_FILE = DeviceInfoTests/Info.plist;
				LD_RUNPATH_SEARCH_PATHS = "$(inherited) @executable_path/Frameworks @loader_path/Frameworks";
				PRODUCT_NAME = "$(TARGET_NAME)";
				TEST_HOST = "$(BUILT_PRODUCTS_DIR)/DeviceInfo.app/DeviceInfo";
			};
			name = Release;
		};
/* End XCBuildConfiguration section */

/* Begin XCConfigurationList section */
		DF3A367C19ED63BE00606980 /* Build configuration list for PBXProject "DeviceInfo" */ = {
			isa = XCConfigurationList;
			buildConfigurations = (
				DF3A369E19ED63BE00606980 /* Debug */,
				DF3A369F19ED63BE00606980 /* Release */,
			);
			defaultConfigurationIsVisible = 0;
			defaultConfigurationName = Release;
		};
		DF3A36A019ED63BE00606980 /* Build configuration list for PBXNativeTarget "DeviceInfo" */ = {
			isa = XCConfigurationList;
			buildConfigurations = (
				DF3A36A119ED63BE00606980 /* Debug */,
				DF3A36A219ED63BE00606980 /* Release */,
			);
			defaultConfigurationIsVisible = 0;
		};
		DF3A36A319ED63BE00606980 /* Build configuration list for PBXNativeTarget "DeviceInfoTests" */ = {
			isa = XCConfigurationList;
			buildConfigurations = (
				DF3A36A419ED63BE00606980 /* Debug */,
				DF3A36A519ED63BE00606980 /* Release */,
			);
			defaultConfigurationIsVisible = 0;
		};
/* End XCConfigurationList section */
	};
	rootObject = DF3A367919ED63BE00606980 /* Project object */;
}
