// !$*UTF8*$!
{
	archiveVersion = 1;
	classes = {
	};
	objectVersion = 46;
	objects = {

/* Begin PBXBuildFile section */
		AC0442BF19FA472D0072EA68 /* marseille.png in Resources */ = {isa = PBXBuildFile; fileRef = AC0442BB19FA472D0072EA68 /* marseille.png */; };
		AC0442C019FA472D0072EA68 /* aixenprovence.png in Resources */ = {isa = PBXBuildFile; fileRef = AC0442BC19FA472D0072EA68 /* aixenprovence.png */; };
		AC0442C119FA472D0072EA68 /* antibes.png in Resources */ = {isa = PBXBuildFile; fileRef = AC0442BD19FA472D0072EA68 /* antibes.png */; };
		AC0442C219FA472D0072EA68 /* paris.png in Resources */ = {isa = PBXBuildFile; fileRef = AC0442BE19FA472D0072EA68 /* paris.png */; };
		DF5BFCCF19F0FF9400B71FF4 /* AppDelegate.swift in Sources */ = {isa = PBXBuildFile; fileRef = DF5BFCCE19F0FF9400B71FF4 /* AppDelegate.swift */; };
		DF5BFCD119F0FF9400B71FF4 /* FirstViewController.swift in Sources */ = {isa = PBXBuildFile; fileRef = DF5BFCD019F0FF9400B71FF4 /* FirstViewController.swift */; };
		DF5BFCD319F0FF9400B71FF4 /* SecondViewController.swift in Sources */ = {isa = PBXBuildFile; fileRef = DF5BFCD219F0FF9400B71FF4 /* SecondViewController.swift */; };
		DF5BFCD619F0FF9400B71FF4 /* Main.storyboard in Resources */ = {isa = PBXBuildFile; fileRef = DF5BFCD419F0FF9400B71FF4 /* Main.storyboard */; };
		DF5BFCD819F0FF9400B71FF4 /* Images.xcassets in Resources */ = {isa = PBXBuildFile; fileRef = DF5BFCD719F0FF9400B71FF4 /* Images.xcassets */; };
		DF5BFCDB19F0FF9400B71FF4 /* LaunchScreen.xib in Resources */ = {isa = PBXBuildFile; fileRef = DF5BFCD919F0FF9400B71FF4 /* LaunchScreen.xib */; };
		DF5BFCE719F0FF9400B71FF4 /* PhotoMapTests.swift in Sources */ = {isa = PBXBuildFile; fileRef = DF5BFCE619F0FF9400B71FF4 /* PhotoMapTests.swift */; };
		DF5BFCF119F1009100B71FF4 /* MapKit.framework in Frameworks */ = {isa = PBXBuildFile; fileRef = DF5BFCF019F1009100B71FF4 /* MapKit.framework */; };
		DF5BFCF319F100C900B71FF4 /* CoreLocation.framework in Frameworks */ = {isa = PBXBuildFile; fileRef = DF5BFCF219F100C900B71FF4 /* CoreLocation.framework */; };
		DF5BFCF519F1075B00B71FF4 /* SimplePhoto.swift in Sources */ = {isa = PBXBuildFile; fileRef = DF5BFCF419F1075B00B71FF4 /* SimplePhoto.swift */; };
		DF5BFCFC19F10BB000B71FF4 /* SimplePhotoMKAnnotation.swift in Sources */ = {isa = PBXBuildFile; fileRef = DF5BFCFB19F10BB000B71FF4 /* SimplePhotoMKAnnotation.swift */; };
		DF5BFD3019F118D300B71FF4 /* PhotoMap.xcdatamodeld in Sources */ = {isa = PBXBuildFile; fileRef = DF5BFD2E19F118D300B71FF4 /* PhotoMap.xcdatamodeld */; };
		DF5BFD3219F11A8400B71FF4 /* Photo.swift in Sources */ = {isa = PBXBuildFile; fileRef = DF5BFD3119F11A8400B71FF4 /* Photo.swift */; };
/* End PBXBuildFile section */

/* Begin PBXContainerItemProxy section */
		DF5BFCE119F0FF9400B71FF4 /* PBXContainerItemProxy */ = {
			isa = PBXContainerItemProxy;
			containerPortal = DF5BFCC119F0FF9400B71FF4 /* Project object */;
			proxyType = 1;
			remoteGlobalIDString = DF5BFCC819F0FF9400B71FF4;
			remoteInfo = PhotoMap;
		};
/* End PBXContainerItemProxy section */

/* Begin PBXFileReference section */
		AC0442BB19FA472D0072EA68 /* marseille.png */ = {isa = PBXFileReference; lastKnownFileType = image.png; path = marseille.png; sourceTree = "<group>"; };
		AC0442BC19FA472D0072EA68 /* aixenprovence.png */ = {isa = PBXFileReference; lastKnownFileType = image.png; path = aixenprovence.png; sourceTree = "<group>"; };
		AC0442BD19FA472D0072EA68 /* antibes.png */ = {isa = PBXFileReference; lastKnownFileType = image.png; path = antibes.png; sourceTree = "<group>"; };
		AC0442BE19FA472D0072EA68 /* paris.png */ = {isa = PBXFileReference; lastKnownFileType = image.png; path = paris.png; sourceTree = "<group>"; };
		DF5BFCC919F0FF9400B71FF4 /* PhotoMap.app */ = {isa = PBXFileReference; explicitFileType = wrapper.application; includeInIndex = 0; path = PhotoMap.app; sourceTree = BUILT_PRODUCTS_DIR; };
		DF5BFCCD19F0FF9400B71FF4 /* Info.plist */ = {isa = PBXFileReference; lastKnownFileType = text.plist.xml; path = Info.plist; sourceTree = "<group>"; };
		DF5BFCCE19F0FF9400B71FF4 /* AppDelegate.swift */ = {isa = PBXFileReference; lastKnownFileType = sourcecode.swift; path = AppDelegate.swift; sourceTree = "<group>"; };
		DF5BFCD019F0FF9400B71FF4 /* FirstViewController.swift */ = {isa = PBXFileReference; lastKnownFileType = sourcecode.swift; path = FirstViewController.swift; sourceTree = "<group>"; };
		DF5BFCD219F0FF9400B71FF4 /* SecondViewController.swift */ = {isa = PBXFileReference; lastKnownFileType = sourcecode.swift; path = SecondViewController.swift; sourceTree = "<group>"; };
		DF5BFCD519F0FF9400B71FF4 /* Base */ = {isa = PBXFileReference; lastKnownFileType = file.storyboard; name = Base; path = Base.lproj/Main.storyboard; sourceTree = "<group>"; };
		DF5BFCD719F0FF9400B71FF4 /* Images.xcassets */ = {isa = PBXFileReference; lastKnownFileType = folder.assetcatalog; path = Images.xcassets; sourceTree = "<group>"; };
		DF5BFCDA19F0FF9400B71FF4 /* Base */ = {isa = PBXFileReference; lastKnownFileType = file.xib; name = Base; path = Base.lproj/LaunchScreen.xib; sourceTree = "<group>"; };
		DF5BFCE019F0FF9400B71FF4 /* PhotoMapTests.xctest */ = {isa = PBXFileReference; explicitFileType = wrapper.cfbundle; includeInIndex = 0; path = PhotoMapTests.xctest; sourceTree = BUILT_PRODUCTS_DIR; };
		DF5BFCE519F0FF9400B71FF4 /* Info.plist */ = {isa = PBXFileReference; lastKnownFileType = text.plist.xml; path = Info.plist; sourceTree = "<group>"; };
		DF5BFCE619F0FF9400B71FF4 /* PhotoMapTests.swift */ = {isa = PBXFileReference; lastKnownFileType = sourcecode.swift; path = PhotoMapTests.swift; sourceTree = "<group>"; };
		DF5BFCF019F1009100B71FF4 /* MapKit.framework */ = {isa = PBXFileReference; lastKnownFileType = wrapper.framework; name = MapKit.framework; path = System/Library/Frameworks/MapKit.framework; sourceTree = SDKROOT; };
		DF5BFCF219F100C900B71FF4 /* CoreLocation.framework */ = {isa = PBXFileReference; lastKnownFileType = wrapper.framework; name = CoreLocation.framework; path = System/Library/Frameworks/CoreLocation.framework; sourceTree = SDKROOT; };
		DF5BFCF419F1075B00B71FF4 /* SimplePhoto.swift */ = {isa = PBXFileReference; fileEncoding = 4; lastKnownFileType = sourcecode.swift; path = SimplePhoto.swift; sourceTree = "<group>"; };
		DF5BFCFB19F10BB000B71FF4 /* SimplePhotoMKAnnotation.swift */ = {isa = PBXFileReference; fileEncoding = 4; lastKnownFileType = sourcecode.swift; path = SimplePhotoMKAnnotation.swift; sourceTree = "<group>"; };
		DF5BFD2F19F118D300B71FF4 /* PhotoMap.xcdatamodel */ = {isa = PBXFileReference; lastKnownFileType = wrapper.xcdatamodel; path = PhotoMap.xcdatamodel; sourceTree = "<group>"; };
		DF5BFD3119F11A8400B71FF4 /* Photo.swift */ = {isa = PBXFileReference; fileEncoding = 4; lastKnownFileType = sourcecode.swift; path = Photo.swift; sourceTree = "<group>"; };
/* End PBXFileReference section */

/* Begin PBXFrameworksBuildPhase section */
		DF5BFCC619F0FF9400B71FF4 /* Frameworks */ = {
			isa = PBXFrameworksBuildPhase;
			buildActionMask = 2147483647;
			files = (
				DF5BFCF319F100C900B71FF4 /* CoreLocation.framework in Frameworks */,
				DF5BFCF119F1009100B71FF4 /* MapKit.framework in Frameworks */,
			);
			runOnlyForDeploymentPostprocessing = 0;
		};
		DF5BFCDD19F0FF9400B71FF4 /* Frameworks */ = {
			isa = PBXFrameworksBuildPhase;
			buildActionMask = 2147483647;
			files = (
			);
			runOnlyForDeploymentPostprocessing = 0;
		};
/* End PBXFrameworksBuildPhase section */

/* Begin PBXGroup section */
		DF5BFCC019F0FF9400B71FF4 = {
			isa = PBXGroup;
			children = (
				DF5BFCF219F100C900B71FF4 /* CoreLocation.framework */,
				DF5BFCF019F1009100B71FF4 /* MapKit.framework */,
				DF5BFCCB19F0FF9400B71FF4 /* PhotoMap */,
				DF5BFCE319F0FF9400B71FF4 /* PhotoMapTests */,
				DF5BFCCA19F0FF9400B71FF4 /* Products */,
			);
			sourceTree = "<group>";
		};
		DF5BFCCA19F0FF9400B71FF4 /* Products */ = {
			isa = PBXGroup;
			children = (
				DF5BFCC919F0FF9400B71FF4 /* PhotoMap.app */,
				DF5BFCE019F0FF9400B71FF4 /* PhotoMapTests.xctest */,
			);
			name = Products;
			sourceTree = "<group>";
		};
		DF5BFCCB19F0FF9400B71FF4 /* PhotoMap */ = {
			isa = PBXGroup;
			children = (
				DF5BFCF819F108DF00B71FF4 /* images */,
				DF5BFCCE19F0FF9400B71FF4 /* AppDelegate.swift */,
				DF5BFCD019F0FF9400B71FF4 /* FirstViewController.swift */,
				DF5BFCD219F0FF9400B71FF4 /* SecondViewController.swift */,
				DF5BFCD419F0FF9400B71FF4 /* Main.storyboard */,
				DF5BFCD719F0FF9400B71FF4 /* Images.xcassets */,
				DF5BFCD919F0FF9400B71FF4 /* LaunchScreen.xib */,
				DF5BFCCC19F0FF9400B71FF4 /* Supporting Files */,
				DF5BFCF419F1075B00B71FF4 /* SimplePhoto.swift */,
				DF5BFCFB19F10BB000B71FF4 /* SimplePhotoMKAnnotation.swift */,
				DF5BFD2E19F118D300B71FF4 /* PhotoMap.xcdatamodeld */,
				DF5BFD3119F11A8400B71FF4 /* Photo.swift */,
			);
			path = PhotoMap;
			sourceTree = "<group>";
		};
		DF5BFCCC19F0FF9400B71FF4 /* Supporting Files */ = {
			isa = PBXGroup;
			children = (
				DF5BFCCD19F0FF9400B71FF4 /* Info.plist */,
			);
			name = "Supporting Files";
			sourceTree = "<group>";
		};
		DF5BFCE319F0FF9400B71FF4 /* PhotoMapTests */ = {
			isa = PBXGroup;
			children = (
				DF5BFCE619F0FF9400B71FF4 /* PhotoMapTests.swift */,
				DF5BFCE419F0FF9400B71FF4 /* Supporting Files */,
			);
			path = PhotoMapTests;
			sourceTree = "<group>";
		};
		DF5BFCE419F0FF9400B71FF4 /* Supporting Files */ = {
			isa = PBXGroup;
			children = (
				DF5BFCE519F0FF9400B71FF4 /* Info.plist */,
			);
			name = "Supporting Files";
			sourceTree = "<group>";
		};
		DF5BFCF819F108DF00B71FF4 /* images */ = {
			isa = PBXGroup;
			children = (
				AC0442BB19FA472D0072EA68 /* marseille.png */,
				AC0442BC19FA472D0072EA68 /* aixenprovence.png */,
				AC0442BD19FA472D0072EA68 /* antibes.png */,
				AC0442BE19FA472D0072EA68 /* paris.png */,
			);
			name = images;
			sourceTree = "<group>";
		};
/* End PBXGroup section */

/* Begin PBXNativeTarget section */
		DF5BFCC819F0FF9400B71FF4 /* PhotoMap */ = {
			isa = PBXNativeTarget;
			buildConfigurationList = DF5BFCEA19F0FF9400B71FF4 /* Build configuration list for PBXNativeTarget "PhotoMap" */;
			buildPhases = (
				DF5BFCC519F0FF9400B71FF4 /* Sources */,
				DF5BFCC619F0FF9400B71FF4 /* Frameworks */,
				DF5BFCC719F0FF9400B71FF4 /* Resources */,
			);
			buildRules = (
			);
			dependencies = (
			);
			name = PhotoMap;
			productName = PhotoMap;
			productReference = DF5BFCC919F0FF9400B71FF4 /* PhotoMap.app */;
			productType = "com.apple.product-type.application";
		};
		DF5BFCDF19F0FF9400B71FF4 /* PhotoMapTests */ = {
			isa = PBXNativeTarget;
			buildConfigurationList = DF5BFCED19F0FF9400B71FF4 /* Build configuration list for PBXNativeTarget "PhotoMapTests" */;
			buildPhases = (
				DF5BFCDC19F0FF9400B71FF4 /* Sources */,
				DF5BFCDD19F0FF9400B71FF4 /* Frameworks */,
				DF5BFCDE19F0FF9400B71FF4 /* Resources */,
			);
			buildRules = (
			);
			dependencies = (
				DF5BFCE219F0FF9400B71FF4 /* PBXTargetDependency */,
			);
			name = PhotoMapTests;
			productName = PhotoMapTests;
			productReference = DF5BFCE019F0FF9400B71FF4 /* PhotoMapTests.xctest */;
			productType = "com.apple.product-type.bundle.unit-test";
		};
/* End PBXNativeTarget section */

/* Begin PBXProject section */
		DF5BFCC119F0FF9400B71FF4 /* Project object */ = {
			isa = PBXProject;
			attributes = {
				LastUpgradeCheck = 0610;
				ORGANIZATIONNAME = aiconoa;
				TargetAttributes = {
					DF5BFCC819F0FF9400B71FF4 = {
						CreatedOnToolsVersion = 6.1;
						SystemCapabilities = {
							com.apple.Maps.iOS = {
								enabled = 1;
							};
						};
					};
					DF5BFCDF19F0FF9400B71FF4 = {
						CreatedOnToolsVersion = 6.1;
						TestTargetID = DF5BFCC819F0FF9400B71FF4;
					};
				};
			};
			buildConfigurationList = DF5BFCC419F0FF9400B71FF4 /* Build configuration list for PBXProject "PhotoMap" */;
			compatibilityVersion = "Xcode 3.2";
			developmentRegion = English;
			hasScannedForEncodings = 0;
			knownRegions = (
				en,
				Base,
			);
			mainGroup = DF5BFCC019F0FF9400B71FF4;
			productRefGroup = DF5BFCCA19F0FF9400B71FF4 /* Products */;
			projectDirPath = "";
			projectRoot = "";
			targets = (
				DF5BFCC819F0FF9400B71FF4 /* PhotoMap */,
				DF5BFCDF19F0FF9400B71FF4 /* PhotoMapTests */,
			);
		};
/* End PBXProject section */

/* Begin PBXResourcesBuildPhase section */
		DF5BFCC719F0FF9400B71FF4 /* Resources */ = {
			isa = PBXResourcesBuildPhase;
			buildActionMask = 2147483647;
			files = (
				AC0442C219FA472D0072EA68 /* paris.png in Resources */,
				DF5BFCD619F0FF9400B71FF4 /* Main.storyboard in Resources */,
				DF5BFCDB19F0FF9400B71FF4 /* LaunchScreen.xib in Resources */,
				AC0442C119FA472D0072EA68 /* antibes.png in Resources */,
				AC0442BF19FA472D0072EA68 /* marseille.png in Resources */,
				AC0442C019FA472D0072EA68 /* aixenprovence.png in Resources */,
				DF5BFCD819F0FF9400B71FF4 /* Images.xcassets in Resources */,
			);
			runOnlyForDeploymentPostprocessing = 0;
		};
		DF5BFCDE19F0FF9400B71FF4 /* Resources */ = {
			isa = PBXResourcesBuildPhase;
			buildActionMask = 2147483647;
			files = (
			);
			runOnlyForDeploymentPostprocessing = 0;
		};
/* End PBXResourcesBuildPhase section */

/* Begin PBXSourcesBuildPhase section */
		DF5BFCC519F0FF9400B71FF4 /* Sources */ = {
			isa = PBXSourcesBuildPhase;
			buildActionMask = 2147483647;
			files = (
				DF5BFD3219F11A8400B71FF4 /* Photo.swift in Sources */,
				DF5BFCF519F1075B00B71FF4 /* SimplePhoto.swift in Sources */,
				DF5BFCD319F0FF9400B71FF4 /* SecondViewController.swift in Sources */,
				DF5BFCCF19F0FF9400B71FF4 /* AppDelegate.swift in Sources */,
				DF5BFD3019F118D300B71FF4 /* PhotoMap.xcdatamodeld in Sources */,
				DF5BFCD119F0FF9400B71FF4 /* FirstViewController.swift in Sources */,
				DF5BFCFC19F10BB000B71FF4 /* SimplePhotoMKAnnotation.swift in Sources */,
			);
			runOnlyForDeploymentPostprocessing = 0;
		};
		DF5BFCDC19F0FF9400B71FF4 /* Sources */ = {
			isa = PBXSourcesBuildPhase;
			buildActionMask = 2147483647;
			files = (
				DF5BFCE719F0FF9400B71FF4 /* PhotoMapTests.swift in Sources */,
			);
			runOnlyForDeploymentPostprocessing = 0;
		};
/* End PBXSourcesBuildPhase section */

/* Begin PBXTargetDependency section */
		DF5BFCE219F0FF9400B71FF4 /* PBXTargetDependency */ = {
			isa = PBXTargetDependency;
			target = DF5BFCC819F0FF9400B71FF4 /* PhotoMap */;
			targetProxy = DF5BFCE119F0FF9400B71FF4 /* PBXContainerItemProxy */;
		};
/* End PBXTargetDependency section */

/* Begin PBXVariantGroup section */
		DF5BFCD419F0FF9400B71FF4 /* Main.storyboard */ = {
			isa = PBXVariantGroup;
			children = (
				DF5BFCD519F0FF9400B71FF4 /* Base */,
			);
			name = Main.storyboard;
			sourceTree = "<group>";
		};
		DF5BFCD919F0FF9400B71FF4 /* LaunchScreen.xib */ = {
			isa = PBXVariantGroup;
			children = (
				DF5BFCDA19F0FF9400B71FF4 /* Base */,
			);
			name = LaunchScreen.xib;
			sourceTree = "<group>";
		};
/* End PBXVariantGroup section */

/* Begin XCBuildConfiguration section */
		DF5BFCE819F0FF9400B71FF4 /* Debug */ = {
			isa = XCBuildConfiguration;
			buildSettings = {
				ALWAYS_SEARCH_USER_PATHS = NO;
				CLANG_CXX_LANGUAGE_STANDARD = "gnu++0x";
				CLANG_CXX_LIBRARY = "libc++";
				CLANG_ENABLE_MODULES = YES;
				CLANG_ENABLE_OBJC_ARC = YES;
				CLANG_WARN_BOOL_CONVERSION = YES;
				CLANG_WARN_CONSTANT_CONVERSION = YES;
				CLANG_WARN_DIRECT_OBJC_ISA_USAGE = YES_ERROR;
				CLANG_WARN_EMPTY_BODY = YES;
				CLANG_WARN_ENUM_CONVERSION = YES;
				CLANG_WARN_INT_CONVERSION = YES;
				CLANG_WARN_OBJC_ROOT_CLASS = YES_ERROR;
				CLANG_WARN_UNREACHABLE_CODE = YES;
				CLANG_WARN__DUPLICATE_METHOD_MATCH = YES;
				"CODE_SIGN_IDENTITY[sdk=iphoneos*]" = "iPhone Developer";
				COPY_PHASE_STRIP = NO;
				ENABLE_STRICT_OBJC_MSGSEND = YES;
				GCC_C_LANGUAGE_STANDARD = gnu99;
				GCC_DYNAMIC_NO_PIC = NO;
				GCC_OPTIMIZATION_LEVEL = 0;
				GCC_PREPROCESSOR_DEFINITIONS = (
					"DEBUG=1",
					"$(inherited)",
				);
				GCC_SYMBOLS_PRIVATE_EXTERN = NO;
				GCC_WARN_64_TO_32_BIT_CONVERSION = YES;
				GCC_WARN_ABOUT_RETURN_TYPE = YES_ERROR;
				GCC_WARN_UNDECLARED_SELECTOR = YES;
				GCC_WARN_UNINITIALIZED_AUTOS = YES_AGGRESSIVE;
				GCC_WARN_UNUSED_FUNCTION = YES;
				GCC_WARN_UNUSED_VARIABLE = YES;
				IPHONEOS_DEPLOYMENT_TARGET = 8.1;
				MTL_ENABLE_DEBUG_INFO = YES;
				ONLY_ACTIVE_ARCH = YES;
				SDKROOT = iphoneos;
				SWIFT_OPTIMIZATION_LEVEL = "-Onone";
				TARGETED_DEVICE_FAMILY = "1,2";
			};
			name = Debug;
		};
		DF5BFCE919F0FF9400B71FF4 /* Release */ = {
			isa = XCBuildConfiguration;
			buildSettings = {
				ALWAYS_SEARCH_USER_PATHS = NO;
				CLANG_CXX_LANGUAGE_STANDARD = "gnu++0x";
				CLANG_CXX_LIBRARY = "libc++";
				CLANG_ENABLE_MODULES = YES;
				CLANG_ENABLE_OBJC_ARC = YES;
				CLANG_WARN_BOOL_CONVERSION = YES;
				CLANG_WARN_CONSTANT_CONVERSION = YES;
				CLANG_WARN_DIRECT_OBJC_ISA_USAGE = YES_ERROR;
				CLANG_WARN_EMPTY_BODY = YES;
				CLANG_WARN_ENUM_CONVERSION = YES;
				CLANG_WARN_INT_CONVERSION = YES;
				CLANG_WARN_OBJC_ROOT_CLASS = YES_ERROR;
				CLANG_WARN_UNREACHABLE_CODE = YES;
				CLANG_WARN__DUPLICATE_METHOD_MATCH = YES;
				"CODE_SIGN_IDENTITY[sdk=iphoneos*]" = "iPhone Developer";
				COPY_PHASE_STRIP = YES;
				ENABLE_NS_ASSERTIONS = NO;
				ENABLE_STRICT_OBJC_MSGSEND = YES;
				GCC_C_LANGUAGE_STANDARD = gnu99;
				GCC_WARN_64_TO_32_BIT_CONVERSION = YES;
				GCC_WARN_ABOUT_RETURN_TYPE = YES_ERROR;
				GCC_WARN_UNDECLARED_SELECTOR = YES;
				GCC_WARN_UNINITIALIZED_AUTOS = YES_AGGRESSIVE;
				GCC_WARN_UNUSED_FUNCTION = YES;
				GCC_WARN_UNUSED_VARIABLE = YES;
				IPHONEOS_DEPLOYMENT_TARGET = 8.1;
				MTL_ENABLE_DEBUG_INFO = NO;
				SDKROOT = iphoneos;
				TARGETED_DEVICE_FAMILY = "1,2";
				VALIDATE_PRODUCT = YES;
			};
			name = Release;
		};
		DF5BFCEB19F0FF9400B71FF4 /* Debug */ = {
			isa = XCBuildConfiguration;
			buildSettings = {
				ASSETCATALOG_COMPILER_APPICON_NAME = AppIcon;
				INFOPLIST_FILE = PhotoMap/Info.plist;
				LD_RUNPATH_SEARCH_PATHS = "$(inherited) @executable_path/Frameworks";
				PRODUCT_NAME = "$(TARGET_NAME)";
			};
			name = Debug;
		};
		DF5BFCEC19F0FF9400B71FF4 /* Release */ = {
			isa = XCBuildConfiguration;
			buildSettings = {
				ASSETCATALOG_COMPILER_APPICON_NAME = AppIcon;
				INFOPLIST_FILE = PhotoMap/Info.plist;
				LD_RUNPATH_SEARCH_PATHS = "$(inherited) @executable_path/Frameworks";
				PRODUCT_NAME = "$(TARGET_NAME)";
			};
			name = Release;
		};
		DF5BFCEE19F0FF9400B71FF4 /* Debug */ = {
			isa = XCBuildConfiguration;
			buildSettings = {
				BUNDLE_LOADER = "$(TEST_HOST)";
				FRAMEWORK_SEARCH_PATHS = (
					"$(SDKROOT)/Developer/Library/Frameworks",
					"$(inherited)",
				);
				GCC_PREPROCESSOR_DEFINITIONS = (
					"DEBUG=1",
					"$(inherited)",
				);
				INFOPLIST_FILE = PhotoMapTests/Info.plist;
				LD_RUNPATH_SEARCH_PATHS = "$(inherited) @executable_path/Frameworks @loader_path/Frameworks";
				PRODUCT_NAME = "$(TARGET_NAME)";
				TEST_HOST = "$(BUILT_PRODUCTS_DIR)/PhotoMap.app/PhotoMap";
			};
			name = Debug;
		};
		DF5BFCEF19F0FF9400B71FF4 /* Release */ = {
			isa = XCBuildConfiguration;
			buildSettings = {
				BUNDLE_LOADER = "$(TEST_HOST)";
				FRAMEWORK_SEARCH_PATHS = (
					"$(SDKROOT)/Developer/Library/Frameworks",
					"$(inherited)",
				);
				INFOPLIST_FILE = PhotoMapTests/Info.plist;
				LD_RUNPATH_SEARCH_PATHS = "$(inherited) @executable_path/Frameworks @loader_path/Frameworks";
				PRODUCT_NAME = "$(TARGET_NAME)";
				TEST_HOST = "$(BUILT_PRODUCTS_DIR)/PhotoMap.app/PhotoMap";
			};
			name = Release;
		};
/* End XCBuildConfiguration section */

/* Begin XCConfigurationList section */
		DF5BFCC419F0FF9400B71FF4 /* Build configuration list for PBXProject "PhotoMap" */ = {
			isa = XCConfigurationList;
			buildConfigurations = (
				DF5BFCE819F0FF9400B71FF4 /* Debug */,
				DF5BFCE919F0FF9400B71FF4 /* Release */,
			);
			defaultConfigurationIsVisible = 0;
			defaultConfigurationName = Release;
		};
		DF5BFCEA19F0FF9400B71FF4 /* Build configuration list for PBXNativeTarget "PhotoMap" */ = {
			isa = XCConfigurationList;
			buildConfigurations = (
				DF5BFCEB19F0FF9400B71FF4 /* Debug */,
				DF5BFCEC19F0FF9400B71FF4 /* Release */,
			);
			defaultConfigurationIsVisible = 0;
			defaultConfigurationName = Release;
		};
		DF5BFCED19F0FF9400B71FF4 /* Build configuration list for PBXNativeTarget "PhotoMapTests" */ = {
			isa = XCConfigurationList;
			buildConfigurations = (
				DF5BFCEE19F0FF9400B71FF4 /* Debug */,
				DF5BFCEF19F0FF9400B71FF4 /* Release */,
			);
			defaultConfigurationIsVisible = 0;
			defaultConfigurationName = Release;
		};
/* End XCConfigurationList section */

/* Begin XCVersionGroup section */
		DF5BFD2E19F118D300B71FF4 /* PhotoMap.xcdatamodeld */ = {
			isa = XCVersionGroup;
			children = (
				DF5BFD2F19F118D300B71FF4 /* PhotoMap.xcdatamodel */,
			);
			currentVersion = DF5BFD2F19F118D300B71FF4 /* PhotoMap.xcdatamodel */;
			path = PhotoMap.xcdatamodeld;
			sourceTree = "<group>";
			versionGroupType = wrapper.xcdatamodel;
		};
/* End XCVersionGroup section */
	};
	rootObject = DF5BFCC119F0FF9400B71FF4 /* Project object */;
}
