// !$*UTF8*$!
{
	archiveVersion = 1;
	classes = {
	};
	objectVersion = 46;
	objects = {

/* Begin PBXBuildFile section */
		DFA104E619EEA27C002F1AA0 /* AppDelegate.swift in Sources */ = {isa = PBXBuildFile; fileRef = DFA104E519EEA27C002F1AA0 /* AppDelegate.swift */; };
		DFA104EB19EEA27C002F1AA0 /* Main.storyboard in Resources */ = {isa = PBXBuildFile; fileRef = DFA104E919EEA27C002F1AA0 /* Main.storyboard */; };
		DFA104ED19EEA27C002F1AA0 /* Images.xcassets in Resources */ = {isa = PBXBuildFile; fileRef = DFA104EC19EEA27C002F1AA0 /* Images.xcassets */; };
		DFA104F019EEA27C002F1AA0 /* LaunchScreen.xib in Resources */ = {isa = PBXBuildFile; fileRef = DFA104EE19EEA27C002F1AA0 /* LaunchScreen.xib */; };
		DFA104FC19EEA27C002F1AA0 /* TodolistTests.swift in Sources */ = {isa = PBXBuildFile; fileRef = DFA104FB19EEA27C002F1AA0 /* TodolistTests.swift */; };
		DFA1050619EEA315002F1AA0 /* TodoItem.swift in Sources */ = {isa = PBXBuildFile; fileRef = DFA1050519EEA315002F1AA0 /* TodoItem.swift */; };
		DFA1050819EEA3CC002F1AA0 /* TodosTableViewController.swift in Sources */ = {isa = PBXBuildFile; fileRef = DFA1050719EEA3CC002F1AA0 /* TodosTableViewController.swift */; };
		DFA1050A19EEAEA1002F1AA0 /* TodoItemCreationTableViewController.swift in Sources */ = {isa = PBXBuildFile; fileRef = DFA1050919EEAEA1002F1AA0 /* TodoItemCreationTableViewController.swift */; };
/* End PBXBuildFile section */

/* Begin PBXContainerItemProxy section */
		DFA104F619EEA27C002F1AA0 /* PBXContainerItemProxy */ = {
			isa = PBXContainerItemProxy;
			containerPortal = DFA104D819EEA27C002F1AA0 /* Project object */;
			proxyType = 1;
			remoteGlobalIDString = DFA104DF19EEA27C002F1AA0;
			remoteInfo = Todolist;
		};
/* End PBXContainerItemProxy section */

/* Begin PBXFileReference section */
		DFA104E019EEA27C002F1AA0 /* Todolist.app */ = {isa = PBXFileReference; explicitFileType = wrapper.application; includeInIndex = 0; path = Todolist.app; sourceTree = BUILT_PRODUCTS_DIR; };
		DFA104E419EEA27C002F1AA0 /* Info.plist */ = {isa = PBXFileReference; lastKnownFileType = text.plist.xml; path = Info.plist; sourceTree = "<group>"; };
		DFA104E519EEA27C002F1AA0 /* AppDelegate.swift */ = {isa = PBXFileReference; lastKnownFileType = sourcecode.swift; path = AppDelegate.swift; sourceTree = "<group>"; };
		DFA104EA19EEA27C002F1AA0 /* Base */ = {isa = PBXFileReference; lastKnownFileType = file.storyboard; name = Base; path = Base.lproj/Main.storyboard; sourceTree = "<group>"; };
		DFA104EC19EEA27C002F1AA0 /* Images.xcassets */ = {isa = PBXFileReference; lastKnownFileType = folder.assetcatalog; path = Images.xcassets; sourceTree = "<group>"; };
		DFA104EF19EEA27C002F1AA0 /* Base */ = {isa = PBXFileReference; lastKnownFileType = file.xib; name = Base; path = Base.lproj/LaunchScreen.xib; sourceTree = "<group>"; };
		DFA104F519EEA27C002F1AA0 /* TodolistTests.xctest */ = {isa = PBXFileReference; explicitFileType = wrapper.cfbundle; includeInIndex = 0; path = TodolistTests.xctest; sourceTree = BUILT_PRODUCTS_DIR; };
		DFA104FA19EEA27C002F1AA0 /* Info.plist */ = {isa = PBXFileReference; lastKnownFileType = text.plist.xml; path = Info.plist; sourceTree = "<group>"; };
		DFA104FB19EEA27C002F1AA0 /* TodolistTests.swift */ = {isa = PBXFileReference; lastKnownFileType = sourcecode.swift; path = TodolistTests.swift; sourceTree = "<group>"; };
		DFA1050519EEA315002F1AA0 /* TodoItem.swift */ = {isa = PBXFileReference; fileEncoding = 4; lastKnownFileType = sourcecode.swift; path = TodoItem.swift; sourceTree = "<group>"; };
		DFA1050719EEA3CC002F1AA0 /* TodosTableViewController.swift */ = {isa = PBXFileReference; fileEncoding = 4; lastKnownFileType = sourcecode.swift; path = TodosTableViewController.swift; sourceTree = "<group>"; };
		DFA1050919EEAEA1002F1AA0 /* TodoItemCreationTableViewController.swift */ = {isa = PBXFileReference; fileEncoding = 4; lastKnownFileType = sourcecode.swift; path = TodoItemCreationTableViewController.swift; sourceTree = "<group>"; };
/* End PBXFileReference section */

/* Begin PBXFrameworksBuildPhase section */
		DFA104DD19EEA27C002F1AA0 /* Frameworks */ = {
			isa = PBXFrameworksBuildPhase;
			buildActionMask = 2147483647;
			files = (
			);
			runOnlyForDeploymentPostprocessing = 0;
		};
		DFA104F219EEA27C002F1AA0 /* Frameworks */ = {
			isa = PBXFrameworksBuildPhase;
			buildActionMask = 2147483647;
			files = (
			);
			runOnlyForDeploymentPostprocessing = 0;
		};
/* End PBXFrameworksBuildPhase section */

/* Begin PBXGroup section */
		DFA104D719EEA27C002F1AA0 = {
			isa = PBXGroup;
			children = (
				DFA104E219EEA27C002F1AA0 /* Todolist */,
				DFA104F819EEA27C002F1AA0 /* TodolistTests */,
				DFA104E119EEA27C002F1AA0 /* Products */,
			);
			sourceTree = "<group>";
		};
		DFA104E119EEA27C002F1AA0 /* Products */ = {
			isa = PBXGroup;
			children = (
				DFA104E019EEA27C002F1AA0 /* Todolist.app */,
				DFA104F519EEA27C002F1AA0 /* TodolistTests.xctest */,
			);
			name = Products;
			sourceTree = "<group>";
		};
		DFA104E219EEA27C002F1AA0 /* Todolist */ = {
			isa = PBXGroup;
			children = (
				DFA104E519EEA27C002F1AA0 /* AppDelegate.swift */,
				DFA104E919EEA27C002F1AA0 /* Main.storyboard */,
				DFA104EC19EEA27C002F1AA0 /* Images.xcassets */,
				DFA104EE19EEA27C002F1AA0 /* LaunchScreen.xib */,
				DFA104E319EEA27C002F1AA0 /* Supporting Files */,
				DFA1050519EEA315002F1AA0 /* TodoItem.swift */,
				DFA1050719EEA3CC002F1AA0 /* TodosTableViewController.swift */,
				DFA1050919EEAEA1002F1AA0 /* TodoItemCreationTableViewController.swift */,
			);
			path = Todolist;
			sourceTree = "<group>";
		};
		DFA104E319EEA27C002F1AA0 /* Supporting Files */ = {
			isa = PBXGroup;
			children = (
				DFA104E419EEA27C002F1AA0 /* Info.plist */,
			);
			name = "Supporting Files";
			sourceTree = "<group>";
		};
		DFA104F819EEA27C002F1AA0 /* TodolistTests */ = {
			isa = PBXGroup;
			children = (
				DFA104FB19EEA27C002F1AA0 /* TodolistTests.swift */,
				DFA104F919EEA27C002F1AA0 /* Supporting Files */,
			);
			path = TodolistTests;
			sourceTree = "<group>";
		};
		DFA104F919EEA27C002F1AA0 /* Supporting Files */ = {
			isa = PBXGroup;
			children = (
				DFA104FA19EEA27C002F1AA0 /* Info.plist */,
			);
			name = "Supporting Files";
			sourceTree = "<group>";
		};
/* End PBXGroup section */

/* Begin PBXNativeTarget section */
		DFA104DF19EEA27C002F1AA0 /* Todolist */ = {
			isa = PBXNativeTarget;
			buildConfigurationList = DFA104FF19EEA27C002F1AA0 /* Build configuration list for PBXNativeTarget "Todolist" */;
			buildPhases = (
				DFA104DC19EEA27C002F1AA0 /* Sources */,
				DFA104DD19EEA27C002F1AA0 /* Frameworks */,
				DFA104DE19EEA27C002F1AA0 /* Resources */,
			);
			buildRules = (
			);
			dependencies = (
			);
			name = Todolist;
			productName = Todolist;
			productReference = DFA104E019EEA27C002F1AA0 /* Todolist.app */;
			productType = "com.apple.product-type.application";
		};
		DFA104F419EEA27C002F1AA0 /* TodolistTests */ = {
			isa = PBXNativeTarget;
			buildConfigurationList = DFA1050219EEA27C002F1AA0 /* Build configuration list for PBXNativeTarget "TodolistTests" */;
			buildPhases = (
				DFA104F119EEA27C002F1AA0 /* Sources */,
				DFA104F219EEA27C002F1AA0 /* Frameworks */,
				DFA104F319EEA27C002F1AA0 /* Resources */,
			);
			buildRules = (
			);
			dependencies = (
				DFA104F719EEA27C002F1AA0 /* PBXTargetDependency */,
			);
			name = TodolistTests;
			productName = TodolistTests;
			productReference = DFA104F519EEA27C002F1AA0 /* TodolistTests.xctest */;
			productType = "com.apple.product-type.bundle.unit-test";
		};
/* End PBXNativeTarget section */

/* Begin PBXProject section */
		DFA104D819EEA27C002F1AA0 /* Project object */ = {
			isa = PBXProject;
			attributes = {
				LastUpgradeCheck = 0610;
				ORGANIZATIONNAME = aiconoa;
				TargetAttributes = {
					DFA104DF19EEA27C002F1AA0 = {
						CreatedOnToolsVersion = 6.1;
					};
					DFA104F419EEA27C002F1AA0 = {
						CreatedOnToolsVersion = 6.1;
						TestTargetID = DFA104DF19EEA27C002F1AA0;
					};
				};
			};
			buildConfigurationList = DFA104DB19EEA27C002F1AA0 /* Build configuration list for PBXProject "Todolist" */;
			compatibilityVersion = "Xcode 3.2";
			developmentRegion = English;
			hasScannedForEncodings = 0;
			knownRegions = (
				en,
				Base,
			);
			mainGroup = DFA104D719EEA27C002F1AA0;
			productRefGroup = DFA104E119EEA27C002F1AA0 /* Products */;
			projectDirPath = "";
			projectRoot = "";
			targets = (
				DFA104DF19EEA27C002F1AA0 /* Todolist */,
				DFA104F419EEA27C002F1AA0 /* TodolistTests */,
			);
		};
/* End PBXProject section */

/* Begin PBXResourcesBuildPhase section */
		DFA104DE19EEA27C002F1AA0 /* Resources */ = {
			isa = PBXResourcesBuildPhase;
			buildActionMask = 2147483647;
			files = (
				DFA104EB19EEA27C002F1AA0 /* Main.storyboard in Resources */,
				DFA104F019EEA27C002F1AA0 /* LaunchScreen.xib in Resources */,
				DFA104ED19EEA27C002F1AA0 /* Images.xcassets in Resources */,
			);
			runOnlyForDeploymentPostprocessing = 0;
		};
		DFA104F319EEA27C002F1AA0 /* Resources */ = {
			isa = PBXResourcesBuildPhase;
			buildActionMask = 2147483647;
			files = (
			);
			runOnlyForDeploymentPostprocessing = 0;
		};
/* End PBXResourcesBuildPhase section */

/* Begin PBXSourcesBuildPhase section */
		DFA104DC19EEA27C002F1AA0 /* Sources */ = {
			isa = PBXSourcesBuildPhase;
			buildActionMask = 2147483647;
			files = (
				DFA1050619EEA315002F1AA0 /* TodoItem.swift in Sources */,
				DFA1050A19EEAEA1002F1AA0 /* TodoItemCreationTableViewController.swift in Sources */,
				DFA104E619EEA27C002F1AA0 /* AppDelegate.swift in Sources */,
				DFA1050819EEA3CC002F1AA0 /* TodosTableViewController.swift in Sources */,
			);
			runOnlyForDeploymentPostprocessing = 0;
		};
		DFA104F119EEA27C002F1AA0 /* Sources */ = {
			isa = PBXSourcesBuildPhase;
			buildActionMask = 2147483647;
			files = (
				DFA104FC19EEA27C002F1AA0 /* TodolistTests.swift in Sources */,
			);
			runOnlyForDeploymentPostprocessing = 0;
		};
/* End PBXSourcesBuildPhase section */

/* Begin PBXTargetDependency section */
		DFA104F719EEA27C002F1AA0 /* PBXTargetDependency */ = {
			isa = PBXTargetDependency;
			target = DFA104DF19EEA27C002F1AA0 /* Todolist */;
			targetProxy = DFA104F619EEA27C002F1AA0 /* PBXContainerItemProxy */;
		};
/* End PBXTargetDependency section */

/* Begin PBXVariantGroup section */
		DFA104E919EEA27C002F1AA0 /* Main.storyboard */ = {
			isa = PBXVariantGroup;
			children = (
				DFA104EA19EEA27C002F1AA0 /* Base */,
			);
			name = Main.storyboard;
			sourceTree = "<group>";
		};
		DFA104EE19EEA27C002F1AA0 /* LaunchScreen.xib */ = {
			isa = PBXVariantGroup;
			children = (
				DFA104EF19EEA27C002F1AA0 /* Base */,
			);
			name = LaunchScreen.xib;
			sourceTree = "<group>";
		};
/* End PBXVariantGroup section */

/* Begin XCBuildConfiguration section */
		DFA104FD19EEA27C002F1AA0 /* Debug */ = {
			isa = XCBuildConfiguration;
			buildSettings = {
				ALWAYS_SEARCH_USER_PATHS = NO;
				CLANG_CXX_LANGUAGE_STANDARD = "gnu++0x";
				CLANG_CXX_LIBRARY = "libc++";
				CLANG_ENABLE_MODULES = YES;
				CLANG_ENABLE_OBJC_ARC = YES;
				CLANG_WARN_BOOL_CONVERSION = YES;
				CLANG_WARN_CONSTANT_CONVERSION = YES;
				CLANG_WARN_DIRECT_OBJC_ISA_USAGE = YES_ERROR;
				CLANG_WARN_EMPTY_BODY = YES;
				CLANG_WARN_ENUM_CONVERSION = YES;
				CLANG_WARN_INT_CONVERSION = YES;
				CLANG_WARN_OBJC_ROOT_CLASS = YES_ERROR;
				CLANG_WARN_UNREACHABLE_CODE = YES;
				CLANG_WARN__DUPLICATE_METHOD_MATCH = YES;
				"CODE_SIGN_IDENTITY[sdk=iphoneos*]" = "iPhone Developer";
				COPY_PHASE_STRIP = NO;
				ENABLE_STRICT_OBJC_MSGSEND = YES;
				GCC_C_LANGUAGE_STANDARD = gnu99;
				GCC_DYNAMIC_NO_PIC = NO;
				GCC_OPTIMIZATION_LEVEL = 0;
				GCC_PREPROCESSOR_DEFINITIONS = (
					"DEBUG=1",
					"$(inherited)",
				);
				GCC_SYMBOLS_PRIVATE_EXTERN = NO;
				GCC_WARN_64_TO_32_BIT_CONVERSION = YES;
				GCC_WARN_ABOUT_RETURN_TYPE = YES_ERROR;
				GCC_WARN_UNDECLARED_SELECTOR = YES;
				GCC_WARN_UNINITIALIZED_AUTOS = YES_AGGRESSIVE;
				GCC_WARN_UNUSED_FUNCTION = YES;
				GCC_WARN_UNUSED_VARIABLE = YES;
				IPHONEOS_DEPLOYMENT_TARGET = 8.1;
				MTL_ENABLE_DEBUG_INFO = YES;
				ONLY_ACTIVE_ARCH = YES;
				SDKROOT = iphoneos;
				SWIFT_OPTIMIZATION_LEVEL = "-Onone";
				TARGETED_DEVICE_FAMILY = "1,2";
			};
			name = Debug;
		};
		DFA104FE19EEA27C002F1AA0 /* Release */ = {
			isa = XCBuildConfiguration;
			buildSettings = {
				ALWAYS_SEARCH_USER_PATHS = NO;
				CLANG_CXX_LANGUAGE_STANDARD = "gnu++0x";
				CLANG_CXX_LIBRARY = "libc++";
				CLANG_ENABLE_MODULES = YES;
				CLANG_ENABLE_OBJC_ARC = YES;
				CLANG_WARN_BOOL_CONVERSION = YES;
				CLANG_WARN_CONSTANT_CONVERSION = YES;
				CLANG_WARN_DIRECT_OBJC_ISA_USAGE = YES_ERROR;
				CLANG_WARN_EMPTY_BODY = YES;
				CLANG_WARN_ENUM_CONVERSION = YES;
				CLANG_WARN_INT_CONVERSION = YES;
				CLANG_WARN_OBJC_ROOT_CLASS = YES_ERROR;
				CLANG_WARN_UNREACHABLE_CODE = YES;
				CLANG_WARN__DUPLICATE_METHOD_MATCH = YES;
				"CODE_SIGN_IDENTITY[sdk=iphoneos*]" = "iPhone Developer";
				COPY_PHASE_STRIP = YES;
				ENABLE_NS_ASSERTIONS = NO;
				ENABLE_STRICT_OBJC_MSGSEND = YES;
				GCC_C_LANGUAGE_STANDARD = gnu99;
				GCC_WARN_64_TO_32_BIT_CONVERSION = YES;
				GCC_WARN_ABOUT_RETURN_TYPE = YES_ERROR;
				GCC_WARN_UNDECLARED_SELECTOR = YES;
				GCC_WARN_UNINITIALIZED_AUTOS = YES_AGGRESSIVE;
				GCC_WARN_UNUSED_FUNCTION = YES;
				GCC_WARN_UNUSED_VARIABLE = YES;
				IPHONEOS_DEPLOYMENT_TARGET = 8.1;
				MTL_ENABLE_DEBUG_INFO = NO;
				SDKROOT = iphoneos;
				TARGETED_DEVICE_FAMILY = "1,2";
				VALIDATE_PRODUCT = YES;
			};
			name = Release;
		};
		DFA1050019EEA27C002F1AA0 /* Debug */ = {
			isa = XCBuildConfiguration;
			buildSettings = {
				ASSETCATALOG_COMPILER_APPICON_NAME = AppIcon;
				INFOPLIST_FILE = Todolist/Info.plist;
				LD_RUNPATH_SEARCH_PATHS = "$(inherited) @executable_path/Frameworks";
				PRODUCT_NAME = "$(TARGET_NAME)";
			};
			name = Debug;
		};
		DFA1050119EEA27C002F1AA0 /* Release */ = {
			isa = XCBuildConfiguration;
			buildSettings = {
				ASSETCATALOG_COMPILER_APPICON_NAME = AppIcon;
				INFOPLIST_FILE = Todolist/Info.plist;
				LD_RUNPATH_SEARCH_PATHS = "$(inherited) @executable_path/Frameworks";
				PRODUCT_NAME = "$(TARGET_NAME)";
			};
			name = Release;
		};
		DFA1050319EEA27C002F1AA0 /* Debug */ = {
			isa = XCBuildConfiguration;
			buildSettings = {
				BUNDLE_LOADER = "$(TEST_HOST)";
				FRAMEWORK_SEARCH_PATHS = (
					"$(SDKROOT)/Developer/Library/Frameworks",
					"$(inherited)",
				);
				GCC_PREPROCESSOR_DEFINITIONS = (
					"DEBUG=1",
					"$(inherited)",
				);
				INFOPLIST_FILE = TodolistTests/Info.plist;
				LD_RUNPATH_SEARCH_PATHS = "$(inherited) @executable_path/Frameworks @loader_path/Frameworks";
				PRODUCT_NAME = "$(TARGET_NAME)";
				TEST_HOST = "$(BUILT_PRODUCTS_DIR)/Todolist.app/Todolist";
			};
			name = Debug;
		};
		DFA1050419EEA27C002F1AA0 /* Release */ = {
			isa = XCBuildConfiguration;
			buildSettings = {
				BUNDLE_LOADER = "$(TEST_HOST)";
				FRAMEWORK_SEARCH_PATHS = (
					"$(SDKROOT)/Developer/Library/Frameworks",
					"$(inherited)",
				);
				INFOPLIST_FILE = TodolistTests/Info.plist;
				LD_RUNPATH_SEARCH_PATHS = "$(inherited) @executable_path/Frameworks @loader_path/Frameworks";
				PRODUCT_NAME = "$(TARGET_NAME)";
				TEST_HOST = "$(BUILT_PRODUCTS_DIR)/Todolist.app/Todolist";
			};
			name = Release;
		};
/* End XCBuildConfiguration section */

/* Begin XCConfigurationList section */
		DFA104DB19EEA27C002F1AA0 /* Build configuration list for PBXProject "Todolist" */ = {
			isa = XCConfigurationList;
			buildConfigurations = (
				DFA104FD19EEA27C002F1AA0 /* Debug */,
				DFA104FE19EEA27C002F1AA0 /* Release */,
			);
			defaultConfigurationIsVisible = 0;
			defaultConfigurationName = Release;
		};
		DFA104FF19EEA27C002F1AA0 /* Build configuration list for PBXNativeTarget "Todolist" */ = {
			isa = XCConfigurationList;
			buildConfigurations = (
				DFA1050019EEA27C002F1AA0 /* Debug */,
				DFA1050119EEA27C002F1AA0 /* Release */,
			);
			defaultConfigurationIsVisible = 0;
		};
		DFA1050219EEA27C002F1AA0 /* Build configuration list for PBXNativeTarget "TodolistTests" */ = {
			isa = XCConfigurationList;
			buildConfigurations = (
				DFA1050319EEA27C002F1AA0 /* Debug */,
				DFA1050419EEA27C002F1AA0 /* Release */,
			);
			defaultConfigurationIsVisible = 0;
		};
/* End XCConfigurationList section */
	};
	rootObject = DFA104D819EEA27C002F1AA0 /* Project object */;
}
