// !$*UTF8*$!
{
	archiveVersion = 1;
	classes = {
	};
	objectVersion = 46;
	objects = {

/* Begin PBXBuildFile section */
		DFA1051A19EFA9FC002F1AA0 /* AppDelegate.swift in Sources */ = {isa = PBXBuildFile; fileRef = DFA1051919EFA9FC002F1AA0 /* AppDelegate.swift */; };
		DFA1051C19EFA9FC002F1AA0 /* MasterViewController.swift in Sources */ = {isa = PBXBuildFile; fileRef = DFA1051B19EFA9FC002F1AA0 /* MasterViewController.swift */; };
		DFA1051E19EFA9FC002F1AA0 /* DetailViewController.swift in Sources */ = {isa = PBXBuildFile; fileRef = DFA1051D19EFA9FC002F1AA0 /* DetailViewController.swift */; };
		DFA1052119EFA9FC002F1AA0 /* Main.storyboard in Resources */ = {isa = PBXBuildFile; fileRef = DFA1051F19EFA9FC002F1AA0 /* Main.storyboard */; };
		DFA1052319EFA9FC002F1AA0 /* Images.xcassets in Resources */ = {isa = PBXBuildFile; fileRef = DFA1052219EFA9FC002F1AA0 /* Images.xcassets */; };
		DFA1052619EFA9FC002F1AA0 /* LaunchScreen.xib in Resources */ = {isa = PBXBuildFile; fileRef = DFA1052419EFA9FC002F1AA0 /* LaunchScreen.xib */; };
		DFA1053219EFA9FC002F1AA0 /* MasterDemoTests.swift in Sources */ = {isa = PBXBuildFile; fileRef = DFA1053119EFA9FC002F1AA0 /* MasterDemoTests.swift */; };
/* End PBXBuildFile section */

/* Begin PBXContainerItemProxy section */
		DFA1052C19EFA9FC002F1AA0 /* PBXContainerItemProxy */ = {
			isa = PBXContainerItemProxy;
			containerPortal = DFA1050C19EFA9FC002F1AA0 /* Project object */;
			proxyType = 1;
			remoteGlobalIDString = DFA1051319EFA9FC002F1AA0;
			remoteInfo = MasterDemo;
		};
/* End PBXContainerItemProxy section */

/* Begin PBXFileReference section */
		DFA1051419EFA9FC002F1AA0 /* MasterDemo.app */ = {isa = PBXFileReference; explicitFileType = wrapper.application; includeInIndex = 0; path = MasterDemo.app; sourceTree = BUILT_PRODUCTS_DIR; };
		DFA1051819EFA9FC002F1AA0 /* Info.plist */ = {isa = PBXFileReference; lastKnownFileType = text.plist.xml; path = Info.plist; sourceTree = "<group>"; };
		DFA1051919EFA9FC002F1AA0 /* AppDelegate.swift */ = {isa = PBXFileReference; lastKnownFileType = sourcecode.swift; path = AppDelegate.swift; sourceTree = "<group>"; };
		DFA1051B19EFA9FC002F1AA0 /* MasterViewController.swift */ = {isa = PBXFileReference; lastKnownFileType = sourcecode.swift; path = MasterViewController.swift; sourceTree = "<group>"; };
		DFA1051D19EFA9FC002F1AA0 /* DetailViewController.swift */ = {isa = PBXFileReference; lastKnownFileType = sourcecode.swift; path = DetailViewController.swift; sourceTree = "<group>"; };
		DFA1052019EFA9FC002F1AA0 /* Base */ = {isa = PBXFileReference; lastKnownFileType = file.storyboard; name = Base; path = Base.lproj/Main.storyboard; sourceTree = "<group>"; };
		DFA1052219EFA9FC002F1AA0 /* Images.xcassets */ = {isa = PBXFileReference; lastKnownFileType = folder.assetcatalog; path = Images.xcassets; sourceTree = "<group>"; };
		DFA1052519EFA9FC002F1AA0 /* Base */ = {isa = PBXFileReference; lastKnownFileType = file.xib; name = Base; path = Base.lproj/LaunchScreen.xib; sourceTree = "<group>"; };
		DFA1052B19EFA9FC002F1AA0 /* MasterDemoTests.xctest */ = {isa = PBXFileReference; explicitFileType = wrapper.cfbundle; includeInIndex = 0; path = MasterDemoTests.xctest; sourceTree = BUILT_PRODUCTS_DIR; };
		DFA1053019EFA9FC002F1AA0 /* Info.plist */ = {isa = PBXFileReference; lastKnownFileType = text.plist.xml; path = Info.plist; sourceTree = "<group>"; };
		DFA1053119EFA9FC002F1AA0 /* MasterDemoTests.swift */ = {isa = PBXFileReference; lastKnownFileType = sourcecode.swift; path = MasterDemoTests.swift; sourceTree = "<group>"; };
/* End PBXFileReference section */

/* Begin PBXFrameworksBuildPhase section */
		DFA1051119EFA9FC002F1AA0 /* Frameworks */ = {
			isa = PBXFrameworksBuildPhase;
			buildActionMask = 2147483647;
			files = (
			);
			runOnlyForDeploymentPostprocessing = 0;
		};
		DFA1052819EFA9FC002F1AA0 /* Frameworks */ = {
			isa = PBXFrameworksBuildPhase;
			buildActionMask = 2147483647;
			files = (
			);
			runOnlyForDeploymentPostprocessing = 0;
		};
/* End PBXFrameworksBuildPhase section */

/* Begin PBXGroup section */
		DFA1050B19EFA9FC002F1AA0 = {
			isa = PBXGroup;
			children = (
				DFA1051619EFA9FC002F1AA0 /* MasterDemo */,
				DFA1052E19EFA9FC002F1AA0 /* MasterDemoTests */,
				DFA1051519EFA9FC002F1AA0 /* Products */,
			);
			sourceTree = "<group>";
		};
		DFA1051519EFA9FC002F1AA0 /* Products */ = {
			isa = PBXGroup;
			children = (
				DFA1051419EFA9FC002F1AA0 /* MasterDemo.app */,
				DFA1052B19EFA9FC002F1AA0 /* MasterDemoTests.xctest */,
			);
			name = Products;
			sourceTree = "<group>";
		};
		DFA1051619EFA9FC002F1AA0 /* MasterDemo */ = {
			isa = PBXGroup;
			children = (
				DFA1051919EFA9FC002F1AA0 /* AppDelegate.swift */,
				DFA1051B19EFA9FC002F1AA0 /* MasterViewController.swift */,
				DFA1051D19EFA9FC002F1AA0 /* DetailViewController.swift */,
				DFA1051F19EFA9FC002F1AA0 /* Main.storyboard */,
				DFA1052219EFA9FC002F1AA0 /* Images.xcassets */,
				DFA1052419EFA9FC002F1AA0 /* LaunchScreen.xib */,
				DFA1051719EFA9FC002F1AA0 /* Supporting Files */,
			);
			path = MasterDemo;
			sourceTree = "<group>";
		};
		DFA1051719EFA9FC002F1AA0 /* Supporting Files */ = {
			isa = PBXGroup;
			children = (
				DFA1051819EFA9FC002F1AA0 /* Info.plist */,
			);
			name = "Supporting Files";
			sourceTree = "<group>";
		};
		DFA1052E19EFA9FC002F1AA0 /* MasterDemoTests */ = {
			isa = PBXGroup;
			children = (
				DFA1053119EFA9FC002F1AA0 /* MasterDemoTests.swift */,
				DFA1052F19EFA9FC002F1AA0 /* Supporting Files */,
			);
			path = MasterDemoTests;
			sourceTree = "<group>";
		};
		DFA1052F19EFA9FC002F1AA0 /* Supporting Files */ = {
			isa = PBXGroup;
			children = (
				DFA1053019EFA9FC002F1AA0 /* Info.plist */,
			);
			name = "Supporting Files";
			sourceTree = "<group>";
		};
/* End PBXGroup section */

/* Begin PBXNativeTarget section */
		DFA1051319EFA9FC002F1AA0 /* MasterDemo */ = {
			isa = PBXNativeTarget;
			buildConfigurationList = DFA1053519EFA9FC002F1AA0 /* Build configuration list for PBXNativeTarget "MasterDemo" */;
			buildPhases = (
				DFA1051019EFA9FC002F1AA0 /* Sources */,
				DFA1051119EFA9FC002F1AA0 /* Frameworks */,
				DFA1051219EFA9FC002F1AA0 /* Resources */,
			);
			buildRules = (
			);
			dependencies = (
			);
			name = MasterDemo;
			productName = MasterDemo;
			productReference = DFA1051419EFA9FC002F1AA0 /* MasterDemo.app */;
			productType = "com.apple.product-type.application";
		};
		DFA1052A19EFA9FC002F1AA0 /* MasterDemoTests */ = {
			isa = PBXNativeTarget;
			buildConfigurationList = DFA1053819EFA9FC002F1AA0 /* Build configuration list for PBXNativeTarget "MasterDemoTests" */;
			buildPhases = (
				DFA1052719EFA9FC002F1AA0 /* Sources */,
				DFA1052819EFA9FC002F1AA0 /* Frameworks */,
				DFA1052919EFA9FC002F1AA0 /* Resources */,
			);
			buildRules = (
			);
			dependencies = (
				DFA1052D19EFA9FC002F1AA0 /* PBXTargetDependency */,
			);
			name = MasterDemoTests;
			productName = MasterDemoTests;
			productReference = DFA1052B19EFA9FC002F1AA0 /* MasterDemoTests.xctest */;
			productType = "com.apple.product-type.bundle.unit-test";
		};
/* End PBXNativeTarget section */

/* Begin PBXProject section */
		DFA1050C19EFA9FC002F1AA0 /* Project object */ = {
			isa = PBXProject;
			attributes = {
				LastUpgradeCheck = 0610;
				ORGANIZATIONNAME = aiconoa;
				TargetAttributes = {
					DFA1051319EFA9FC002F1AA0 = {
						CreatedOnToolsVersion = 6.1;
					};
					DFA1052A19EFA9FC002F1AA0 = {
						CreatedOnToolsVersion = 6.1;
						TestTargetID = DFA1051319EFA9FC002F1AA0;
					};
				};
			};
			buildConfigurationList = DFA1050F19EFA9FC002F1AA0 /* Build configuration list for PBXProject "MasterDemo" */;
			compatibilityVersion = "Xcode 3.2";
			developmentRegion = English;
			hasScannedForEncodings = 0;
			knownRegions = (
				en,
				Base,
			);
			mainGroup = DFA1050B19EFA9FC002F1AA0;
			productRefGroup = DFA1051519EFA9FC002F1AA0 /* Products */;
			projectDirPath = "";
			projectRoot = "";
			targets = (
				DFA1051319EFA9FC002F1AA0 /* MasterDemo */,
				DFA1052A19EFA9FC002F1AA0 /* MasterDemoTests */,
			);
		};
/* End PBXProject section */

/* Begin PBXResourcesBuildPhase section */
		DFA1051219EFA9FC002F1AA0 /* Resources */ = {
			isa = PBXResourcesBuildPhase;
			buildActionMask = 2147483647;
			files = (
				DFA1052119EFA9FC002F1AA0 /* Main.storyboard in Resources */,
				DFA1052619EFA9FC002F1AA0 /* LaunchScreen.xib in Resources */,
				DFA1052319EFA9FC002F1AA0 /* Images.xcassets in Resources */,
			);
			runOnlyForDeploymentPostprocessing = 0;
		};
		DFA1052919EFA9FC002F1AA0 /* Resources */ = {
			isa = PBXResourcesBuildPhase;
			buildActionMask = 2147483647;
			files = (
			);
			runOnlyForDeploymentPostprocessing = 0;
		};
/* End PBXResourcesBuildPhase section */

/* Begin PBXSourcesBuildPhase section */
		DFA1051019EFA9FC002F1AA0 /* Sources */ = {
			isa = PBXSourcesBuildPhase;
			buildActionMask = 2147483647;
			files = (
				DFA1051E19EFA9FC002F1AA0 /* DetailViewController.swift in Sources */,
				DFA1051C19EFA9FC002F1AA0 /* MasterViewController.swift in Sources */,
				DFA1051A19EFA9FC002F1AA0 /* AppDelegate.swift in Sources */,
			);
			runOnlyForDeploymentPostprocessing = 0;
		};
		DFA1052719EFA9FC002F1AA0 /* Sources */ = {
			isa = PBXSourcesBuildPhase;
			buildActionMask = 2147483647;
			files = (
				DFA1053219EFA9FC002F1AA0 /* MasterDemoTests.swift in Sources */,
			);
			runOnlyForDeploymentPostprocessing = 0;
		};
/* End PBXSourcesBuildPhase section */

/* Begin PBXTargetDependency section */
		DFA1052D19EFA9FC002F1AA0 /* PBXTargetDependency */ = {
			isa = PBXTargetDependency;
			target = DFA1051319EFA9FC002F1AA0 /* MasterDemo */;
			targetProxy = DFA1052C19EFA9FC002F1AA0 /* PBXContainerItemProxy */;
		};
/* End PBXTargetDependency section */

/* Begin PBXVariantGroup section */
		DFA1051F19EFA9FC002F1AA0 /* Main.storyboard */ = {
			isa = PBXVariantGroup;
			children = (
				DFA1052019EFA9FC002F1AA0 /* Base */,
			);
			name = Main.storyboard;
			sourceTree = "<group>";
		};
		DFA1052419EFA9FC002F1AA0 /* LaunchScreen.xib */ = {
			isa = PBXVariantGroup;
			children = (
				DFA1052519EFA9FC002F1AA0 /* Base */,
			);
			name = LaunchScreen.xib;
			sourceTree = "<group>";
		};
/* End PBXVariantGroup section */

/* Begin XCBuildConfiguration section */
		DFA1053319EFA9FC002F1AA0 /* Debug */ = {
			isa = XCBuildConfiguration;
			buildSettings = {
				ALWAYS_SEARCH_USER_PATHS = NO;
				CLANG_CXX_LANGUAGE_STANDARD = "gnu++0x";
				CLANG_CXX_LIBRARY = "libc++";
				CLANG_ENABLE_MODULES = YES;
				CLANG_ENABLE_OBJC_ARC = YES;
				CLANG_WARN_BOOL_CONVERSION = YES;
				CLANG_WARN_CONSTANT_CONVERSION = YES;
				CLANG_WARN_DIRECT_OBJC_ISA_USAGE = YES_ERROR;
				CLANG_WARN_EMPTY_BODY = YES;
				CLANG_WARN_ENUM_CONVERSION = YES;
				CLANG_WARN_INT_CONVERSION = YES;
				CLANG_WARN_OBJC_ROOT_CLASS = YES_ERROR;
				CLANG_WARN_UNREACHABLE_CODE = YES;
				CLANG_WARN__DUPLICATE_METHOD_MATCH = YES;
				"CODE_SIGN_IDENTITY[sdk=iphoneos*]" = "iPhone Developer";
				COPY_PHASE_STRIP = NO;
				ENABLE_STRICT_OBJC_MSGSEND = YES;
				GCC_C_LANGUAGE_STANDARD = gnu99;
				GCC_DYNAMIC_NO_PIC = NO;
				GCC_OPTIMIZATION_LEVEL = 0;
				GCC_PREPROCESSOR_DEFINITIONS = (
					"DEBUG=1",
					"$(inherited)",
				);
				GCC_SYMBOLS_PRIVATE_EXTERN = NO;
				GCC_WARN_64_TO_32_BIT_CONVERSION = YES;
				GCC_WARN_ABOUT_RETURN_TYPE = YES_ERROR;
				GCC_WARN_UNDECLARED_SELECTOR = YES;
				GCC_WARN_UNINITIALIZED_AUTOS = YES_AGGRESSIVE;
				GCC_WARN_UNUSED_FUNCTION = YES;
				GCC_WARN_UNUSED_VARIABLE = YES;
				IPHONEOS_DEPLOYMENT_TARGET = 8.1;
				MTL_ENABLE_DEBUG_INFO = YES;
				ONLY_ACTIVE_ARCH = YES;
				SDKROOT = iphoneos;
				SWIFT_OPTIMIZATION_LEVEL = "-Onone";
				TARGETED_DEVICE_FAMILY = "1,2";
			};
			name = Debug;
		};
		DFA1053419EFA9FC002F1AA0 /* Release */ = {
			isa = XCBuildConfiguration;
			buildSettings = {
				ALWAYS_SEARCH_USER_PATHS = NO;
				CLANG_CXX_LANGUAGE_STANDARD = "gnu++0x";
				CLANG_CXX_LIBRARY = "libc++";
				CLANG_ENABLE_MODULES = YES;
				CLANG_ENABLE_OBJC_ARC = YES;
				CLANG_WARN_BOOL_CONVERSION = YES;
				CLANG_WARN_CONSTANT_CONVERSION = YES;
				CLANG_WARN_DIRECT_OBJC_ISA_USAGE = YES_ERROR;
				CLANG_WARN_EMPTY_BODY = YES;
				CLANG_WARN_ENUM_CONVERSION = YES;
				CLANG_WARN_INT_CONVERSION = YES;
				CLANG_WARN_OBJC_ROOT_CLASS = YES_ERROR;
				CLANG_WARN_UNREACHABLE_CODE = YES;
				CLANG_WARN__DUPLICATE_METHOD_MATCH = YES;
				"CODE_SIGN_IDENTITY[sdk=iphoneos*]" = "iPhone Developer";
				COPY_PHASE_STRIP = YES;
				ENABLE_NS_ASSERTIONS = NO;
				ENABLE_STRICT_OBJC_MSGSEND = YES;
				GCC_C_LANGUAGE_STANDARD = gnu99;
				GCC_WARN_64_TO_32_BIT_CONVERSION = YES;
				GCC_WARN_ABOUT_RETURN_TYPE = YES_ERROR;
				GCC_WARN_UNDECLARED_SELECTOR = YES;
				GCC_WARN_UNINITIALIZED_AUTOS = YES_AGGRESSIVE;
				GCC_WARN_UNUSED_FUNCTION = YES;
				GCC_WARN_UNUSED_VARIABLE = YES;
				IPHONEOS_DEPLOYMENT_TARGET = 8.1;
				MTL_ENABLE_DEBUG_INFO = NO;
				SDKROOT = iphoneos;
				TARGETED_DEVICE_FAMILY = "1,2";
				VALIDATE_PRODUCT = YES;
			};
			name = Release;
		};
		DFA1053619EFA9FC002F1AA0 /* Debug */ = {
			isa = XCBuildConfiguration;
			buildSettings = {
				ASSETCATALOG_COMPILER_APPICON_NAME = AppIcon;
				INFOPLIST_FILE = MasterDemo/Info.plist;
				LD_RUNPATH_SEARCH_PATHS = "$(inherited) @executable_path/Frameworks";
				PRODUCT_NAME = "$(TARGET_NAME)";
			};
			name = Debug;
		};
		DFA1053719EFA9FC002F1AA0 /* Release */ = {
			isa = XCBuildConfiguration;
			buildSettings = {
				ASSETCATALOG_COMPILER_APPICON_NAME = AppIcon;
				INFOPLIST_FILE = MasterDemo/Info.plist;
				LD_RUNPATH_SEARCH_PATHS = "$(inherited) @executable_path/Frameworks";
				PRODUCT_NAME = "$(TARGET_NAME)";
			};
			name = Release;
		};
		DFA1053919EFA9FC002F1AA0 /* Debug */ = {
			isa = XCBuildConfiguration;
			buildSettings = {
				BUNDLE_LOADER = "$(TEST_HOST)";
				FRAMEWORK_SEARCH_PATHS = (
					"$(SDKROOT)/Developer/Library/Frameworks",
					"$(inherited)",
				);
				GCC_PREPROCESSOR_DEFINITIONS = (
					"DEBUG=1",
					"$(inherited)",
				);
				INFOPLIST_FILE = MasterDemoTests/Info.plist;
				LD_RUNPATH_SEARCH_PATHS = "$(inherited) @executable_path/Frameworks @loader_path/Frameworks";
				PRODUCT_NAME = "$(TARGET_NAME)";
				TEST_HOST = "$(BUILT_PRODUCTS_DIR)/MasterDemo.app/MasterDemo";
			};
			name = Debug;
		};
		DFA1053A19EFA9FC002F1AA0 /* Release */ = {
			isa = XCBuildConfiguration;
			buildSettings = {
				BUNDLE_LOADER = "$(TEST_HOST)";
				FRAMEWORK_SEARCH_PATHS = (
					"$(SDKROOT)/Developer/Library/Frameworks",
					"$(inherited)",
				);
				INFOPLIST_FILE = MasterDemoTests/Info.plist;
				LD_RUNPATH_SEARCH_PATHS = "$(inherited) @executable_path/Frameworks @loader_path/Frameworks";
				PRODUCT_NAME = "$(TARGET_NAME)";
				TEST_HOST = "$(BUILT_PRODUCTS_DIR)/MasterDemo.app/MasterDemo";
			};
			name = Release;
		};
/* End XCBuildConfiguration section */

/* Begin XCConfigurationList section */
		DFA1050F19EFA9FC002F1AA0 /* Build configuration list for PBXProject "MasterDemo" */ = {
			isa = XCConfigurationList;
			buildConfigurations = (
				DFA1053319EFA9FC002F1AA0 /* Debug */,
				DFA1053419EFA9FC002F1AA0 /* Release */,
			);
			defaultConfigurationIsVisible = 0;
			defaultConfigurationName = Release;
		};
		DFA1053519EFA9FC002F1AA0 /* Build configuration list for PBXNativeTarget "MasterDemo" */ = {
			isa = XCConfigurationList;
			buildConfigurations = (
				DFA1053619EFA9FC002F1AA0 /* Debug */,
				DFA1053719EFA9FC002F1AA0 /* Release */,
			);
			defaultConfigurationIsVisible = 0;
		};
		DFA1053819EFA9FC002F1AA0 /* Build configuration list for PBXNativeTarget "MasterDemoTests" */ = {
			isa = XCConfigurationList;
			buildConfigurations = (
				DFA1053919EFA9FC002F1AA0 /* Debug */,
				DFA1053A19EFA9FC002F1AA0 /* Release */,
			);
			defaultConfigurationIsVisible = 0;
		};
/* End XCConfigurationList section */
	};
	rootObject = DFA1050C19EFA9FC002F1AA0 /* Project object */;
}
