// !$*UTF8*$!
{
	archiveVersion = 1;
	classes = {
	};
	objectVersion = 46;
	objects = {

/* Begin PBXBuildFile section */
		DF3A35FD19ED42F000606980 /* AppDelegate.swift in Sources */ = {isa = PBXBuildFile; fileRef = DF3A35FC19ED42F000606980 /* AppDelegate.swift */; };
		DF3A35FF19ED42F000606980 /* ViewController.swift in Sources */ = {isa = PBXBuildFile; fileRef = DF3A35FE19ED42F000606980 /* ViewController.swift */; };
		DF3A360219ED42F000606980 /* Main.storyboard in Resources */ = {isa = PBXBuildFile; fileRef = DF3A360019ED42F000606980 /* Main.storyboard */; };
		DF3A360419ED42F000606980 /* Images.xcassets in Resources */ = {isa = PBXBuildFile; fileRef = DF3A360319ED42F000606980 /* Images.xcassets */; };
		DF3A360719ED42F000606980 /* LaunchScreen.xib in Resources */ = {isa = PBXBuildFile; fileRef = DF3A360519ED42F000606980 /* LaunchScreen.xib */; };
		DF3A361319ED42F000606980 /* SizeClasseTests.swift in Sources */ = {isa = PBXBuildFile; fileRef = DF3A361219ED42F000606980 /* SizeClasseTests.swift */; };
/* End PBXBuildFile section */

/* Begin PBXContainerItemProxy section */
		DF3A360D19ED42F000606980 /* PBXContainerItemProxy */ = {
			isa = PBXContainerItemProxy;
			containerPortal = DF3A35EF19ED42F000606980 /* Project object */;
			proxyType = 1;
			remoteGlobalIDString = DF3A35F619ED42F000606980;
			remoteInfo = SizeClasse;
		};
/* End PBXContainerItemProxy section */

/* Begin PBXFileReference section */
		DF3A35F719ED42F000606980 /* SizeClasse.app */ = {isa = PBXFileReference; explicitFileType = wrapper.application; includeInIndex = 0; path = SizeClasse.app; sourceTree = BUILT_PRODUCTS_DIR; };
		DF3A35FB19ED42F000606980 /* Info.plist */ = {isa = PBXFileReference; lastKnownFileType = text.plist.xml; path = Info.plist; sourceTree = "<group>"; };
		DF3A35FC19ED42F000606980 /* AppDelegate.swift */ = {isa = PBXFileReference; lastKnownFileType = sourcecode.swift; path = AppDelegate.swift; sourceTree = "<group>"; };
		DF3A35FE19ED42F000606980 /* ViewController.swift */ = {isa = PBXFileReference; lastKnownFileType = sourcecode.swift; path = ViewController.swift; sourceTree = "<group>"; };
		DF3A360119ED42F000606980 /* Base */ = {isa = PBXFileReference; lastKnownFileType = file.storyboard; name = Base; path = Base.lproj/Main.storyboard; sourceTree = "<group>"; };
		DF3A360319ED42F000606980 /* Images.xcassets */ = {isa = PBXFileReference; lastKnownFileType = folder.assetcatalog; path = Images.xcassets; sourceTree = "<group>"; };
		DF3A360619ED42F000606980 /* Base */ = {isa = PBXFileReference; lastKnownFileType = file.xib; name = Base; path = Base.lproj/LaunchScreen.xib; sourceTree = "<group>"; };
		DF3A360C19ED42F000606980 /* SizeClasseTests.xctest */ = {isa = PBXFileReference; explicitFileType = wrapper.cfbundle; includeInIndex = 0; path = SizeClasseTests.xctest; sourceTree = BUILT_PRODUCTS_DIR; };
		DF3A361119ED42F000606980 /* Info.plist */ = {isa = PBXFileReference; lastKnownFileType = text.plist.xml; path = Info.plist; sourceTree = "<group>"; };
		DF3A361219ED42F000606980 /* SizeClasseTests.swift */ = {isa = PBXFileReference; lastKnownFileType = sourcecode.swift; path = SizeClasseTests.swift; sourceTree = "<group>"; };
/* End PBXFileReference section */

/* Begin PBXFrameworksBuildPhase section */
		DF3A35F419ED42F000606980 /* Frameworks */ = {
			isa = PBXFrameworksBuildPhase;
			buildActionMask = 2147483647;
			files = (
			);
			runOnlyForDeploymentPostprocessing = 0;
		};
		DF3A360919ED42F000606980 /* Frameworks */ = {
			isa = PBXFrameworksBuildPhase;
			buildActionMask = 2147483647;
			files = (
			);
			runOnlyForDeploymentPostprocessing = 0;
		};
/* End PBXFrameworksBuildPhase section */

/* Begin PBXGroup section */
		DF3A35EE19ED42F000606980 = {
			isa = PBXGroup;
			children = (
				DF3A35F919ED42F000606980 /* SizeClasse */,
				DF3A360F19ED42F000606980 /* SizeClasseTests */,
				DF3A35F819ED42F000606980 /* Products */,
			);
			sourceTree = "<group>";
		};
		DF3A35F819ED42F000606980 /* Products */ = {
			isa = PBXGroup;
			children = (
				DF3A35F719ED42F000606980 /* SizeClasse.app */,
				DF3A360C19ED42F000606980 /* SizeClasseTests.xctest */,
			);
			name = Products;
			sourceTree = "<group>";
		};
		DF3A35F919ED42F000606980 /* SizeClasse */ = {
			isa = PBXGroup;
			children = (
				DF3A35FC19ED42F000606980 /* AppDelegate.swift */,
				DF3A35FE19ED42F000606980 /* ViewController.swift */,
				DF3A360019ED42F000606980 /* Main.storyboard */,
				DF3A360319ED42F000606980 /* Images.xcassets */,
				DF3A360519ED42F000606980 /* LaunchScreen.xib */,
				DF3A35FA19ED42F000606980 /* Supporting Files */,
			);
			path = SizeClasse;
			sourceTree = "<group>";
		};
		DF3A35FA19ED42F000606980 /* Supporting Files */ = {
			isa = PBXGroup;
			children = (
				DF3A35FB19ED42F000606980 /* Info.plist */,
			);
			name = "Supporting Files";
			sourceTree = "<group>";
		};
		DF3A360F19ED42F000606980 /* SizeClasseTests */ = {
			isa = PBXGroup;
			children = (
				DF3A361219ED42F000606980 /* SizeClasseTests.swift */,
				DF3A361019ED42F000606980 /* Supporting Files */,
			);
			path = SizeClasseTests;
			sourceTree = "<group>";
		};
		DF3A361019ED42F000606980 /* Supporting Files */ = {
			isa = PBXGroup;
			children = (
				DF3A361119ED42F000606980 /* Info.plist */,
			);
			name = "Supporting Files";
			sourceTree = "<group>";
		};
/* End PBXGroup section */

/* Begin PBXNativeTarget section */
		DF3A35F619ED42F000606980 /* SizeClasse */ = {
			isa = PBXNativeTarget;
			buildConfigurationList = DF3A361619ED42F000606980 /* Build configuration list for PBXNativeTarget "SizeClasse" */;
			buildPhases = (
				DF3A35F319ED42F000606980 /* Sources */,
				DF3A35F419ED42F000606980 /* Frameworks */,
				DF3A35F519ED42F000606980 /* Resources */,
			);
			buildRules = (
			);
			dependencies = (
			);
			name = SizeClasse;
			productName = SizeClasse;
			productReference = DF3A35F719ED42F000606980 /* SizeClasse.app */;
			productType = "com.apple.product-type.application";
		};
		DF3A360B19ED42F000606980 /* SizeClasseTests */ = {
			isa = PBXNativeTarget;
			buildConfigurationList = DF3A361919ED42F000606980 /* Build configuration list for PBXNativeTarget "SizeClasseTests" */;
			buildPhases = (
				DF3A360819ED42F000606980 /* Sources */,
				DF3A360919ED42F000606980 /* Frameworks */,
				DF3A360A19ED42F000606980 /* Resources */,
			);
			buildRules = (
			);
			dependencies = (
				DF3A360E19ED42F000606980 /* PBXTargetDependency */,
			);
			name = SizeClasseTests;
			productName = SizeClasseTests;
			productReference = DF3A360C19ED42F000606980 /* SizeClasseTests.xctest */;
			productType = "com.apple.product-type.bundle.unit-test";
		};
/* End PBXNativeTarget section */

/* Begin PBXProject section */
		DF3A35EF19ED42F000606980 /* Project object */ = {
			isa = PBXProject;
			attributes = {
				LastUpgradeCheck = 0610;
				ORGANIZATIONNAME = aiconoa;
				TargetAttributes = {
					DF3A35F619ED42F000606980 = {
						CreatedOnToolsVersion = 6.1;
					};
					DF3A360B19ED42F000606980 = {
						CreatedOnToolsVersion = 6.1;
						TestTargetID = DF3A35F619ED42F000606980;
					};
				};
			};
			buildConfigurationList = DF3A35F219ED42F000606980 /* Build configuration list for PBXProject "SizeClasse" */;
			compatibilityVersion = "Xcode 3.2";
			developmentRegion = English;
			hasScannedForEncodings = 0;
			knownRegions = (
				en,
				Base,
			);
			mainGroup = DF3A35EE19ED42F000606980;
			productRefGroup = DF3A35F819ED42F000606980 /* Products */;
			projectDirPath = "";
			projectRoot = "";
			targets = (
				DF3A35F619ED42F000606980 /* SizeClasse */,
				DF3A360B19ED42F000606980 /* SizeClasseTests */,
			);
		};
/* End PBXProject section */

/* Begin PBXResourcesBuildPhase section */
		DF3A35F519ED42F000606980 /* Resources */ = {
			isa = PBXResourcesBuildPhase;
			buildActionMask = 2147483647;
			files = (
				DF3A360219ED42F000606980 /* Main.storyboard in Resources */,
				DF3A360719ED42F000606980 /* LaunchScreen.xib in Resources */,
				DF3A360419ED42F000606980 /* Images.xcassets in Resources */,
			);
			runOnlyForDeploymentPostprocessing = 0;
		};
		DF3A360A19ED42F000606980 /* Resources */ = {
			isa = PBXResourcesBuildPhase;
			buildActionMask = 2147483647;
			files = (
			);
			runOnlyForDeploymentPostprocessing = 0;
		};
/* End PBXResourcesBuildPhase section */

/* Begin PBXSourcesBuildPhase section */
		DF3A35F319ED42F000606980 /* Sources */ = {
			isa = PBXSourcesBuildPhase;
			buildActionMask = 2147483647;
			files = (
				DF3A35FF19ED42F000606980 /* ViewController.swift in Sources */,
				DF3A35FD19ED42F000606980 /* AppDelegate.swift in Sources */,
			);
			runOnlyForDeploymentPostprocessing = 0;
		};
		DF3A360819ED42F000606980 /* Sources */ = {
			isa = PBXSourcesBuildPhase;
			buildActionMask = 2147483647;
			files = (
				DF3A361319ED42F000606980 /* SizeClasseTests.swift in Sources */,
			);
			runOnlyForDeploymentPostprocessing = 0;
		};
/* End PBXSourcesBuildPhase section */

/* Begin PBXTargetDependency section */
		DF3A360E19ED42F000606980 /* PBXTargetDependency */ = {
			isa = PBXTargetDependency;
			target = DF3A35F619ED42F000606980 /* SizeClasse */;
			targetProxy = DF3A360D19ED42F000606980 /* PBXContainerItemProxy */;
		};
/* End PBXTargetDependency section */

/* Begin PBXVariantGroup section */
		DF3A360019ED42F000606980 /* Main.storyboard */ = {
			isa = PBXVariantGroup;
			children = (
				DF3A360119ED42F000606980 /* Base */,
			);
			name = Main.storyboard;
			sourceTree = "<group>";
		};
		DF3A360519ED42F000606980 /* LaunchScreen.xib */ = {
			isa = PBXVariantGroup;
			children = (
				DF3A360619ED42F000606980 /* Base */,
			);
			name = LaunchScreen.xib;
			sourceTree = "<group>";
		};
/* End PBXVariantGroup section */

/* Begin XCBuildConfiguration section */
		DF3A361419ED42F000606980 /* Debug */ = {
			isa = XCBuildConfiguration;
			buildSettings = {
				ALWAYS_SEARCH_USER_PATHS = NO;
				CLANG_CXX_LANGUAGE_STANDARD = "gnu++0x";
				CLANG_CXX_LIBRARY = "libc++";
				CLANG_ENABLE_MODULES = YES;
				CLANG_ENABLE_OBJC_ARC = YES;
				CLANG_WARN_BOOL_CONVERSION = YES;
				CLANG_WARN_CONSTANT_CONVERSION = YES;
				CLANG_WARN_DIRECT_OBJC_ISA_USAGE = YES_ERROR;
				CLANG_WARN_EMPTY_BODY = YES;
				CLANG_WARN_ENUM_CONVERSION = YES;
				CLANG_WARN_INT_CONVERSION = YES;
				CLANG_WARN_OBJC_ROOT_CLASS = YES_ERROR;
				CLANG_WARN_UNREACHABLE_CODE = YES;
				CLANG_WARN__DUPLICATE_METHOD_MATCH = YES;
				"CODE_SIGN_IDENTITY[sdk=iphoneos*]" = "iPhone Developer";
				COPY_PHASE_STRIP = NO;
				ENABLE_STRICT_OBJC_MSGSEND = YES;
				GCC_C_LANGUAGE_STANDARD = gnu99;
				GCC_DYNAMIC_NO_PIC = NO;
				GCC_OPTIMIZATION_LEVEL = 0;
				GCC_PREPROCESSOR_DEFINITIONS = (
					"DEBUG=1",
					"$(inherited)",
				);
				GCC_SYMBOLS_PRIVATE_EXTERN = NO;
				GCC_WARN_64_TO_32_BIT_CONVERSION = YES;
				GCC_WARN_ABOUT_RETURN_TYPE = YES_ERROR;
				GCC_WARN_UNDECLARED_SELECTOR = YES;
				GCC_WARN_UNINITIALIZED_AUTOS = YES_AGGRESSIVE;
				GCC_WARN_UNUSED_FUNCTION = YES;
				GCC_WARN_UNUSED_VARIABLE = YES;
				IPHONEOS_DEPLOYMENT_TARGET = 8.1;
				MTL_ENABLE_DEBUG_INFO = YES;
				ONLY_ACTIVE_ARCH = YES;
				SDKROOT = iphoneos;
				SWIFT_OPTIMIZATION_LEVEL = "-Onone";
				TARGETED_DEVICE_FAMILY = "1,2";
			};
			name = Debug;
		};
		DF3A361519ED42F000606980 /* Release */ = {
			isa = XCBuildConfiguration;
			buildSettings = {
				ALWAYS_SEARCH_USER_PATHS = NO;
				CLANG_CXX_LANGUAGE_STANDARD = "gnu++0x";
				CLANG_CXX_LIBRARY = "libc++";
				CLANG_ENABLE_MODULES = YES;
				CLANG_ENABLE_OBJC_ARC = YES;
				CLANG_WARN_BOOL_CONVERSION = YES;
				CLANG_WARN_CONSTANT_CONVERSION = YES;
				CLANG_WARN_DIRECT_OBJC_ISA_USAGE = YES_ERROR;
				CLANG_WARN_EMPTY_BODY = YES;
				CLANG_WARN_ENUM_CONVERSION = YES;
				CLANG_WARN_INT_CONVERSION = YES;
				CLANG_WARN_OBJC_ROOT_CLASS = YES_ERROR;
				CLANG_WARN_UNREACHABLE_CODE = YES;
				CLANG_WARN__DUPLICATE_METHOD_MATCH = YES;
				"CODE_SIGN_IDENTITY[sdk=iphoneos*]" = "iPhone Developer";
				COPY_PHASE_STRIP = YES;
				ENABLE_NS_ASSERTIONS = NO;
				ENABLE_STRICT_OBJC_MSGSEND = YES;
				GCC_C_LANGUAGE_STANDARD = gnu99;
				GCC_WARN_64_TO_32_BIT_CONVERSION = YES;
				GCC_WARN_ABOUT_RETURN_TYPE = YES_ERROR;
				GCC_WARN_UNDECLARED_SELECTOR = YES;
				GCC_WARN_UNINITIALIZED_AUTOS = YES_AGGRESSIVE;
				GCC_WARN_UNUSED_FUNCTION = YES;
				GCC_WARN_UNUSED_VARIABLE = YES;
				IPHONEOS_DEPLOYMENT_TARGET = 8.1;
				MTL_ENABLE_DEBUG_INFO = NO;
				SDKROOT = iphoneos;
				TARGETED_DEVICE_FAMILY = "1,2";
				VALIDATE_PRODUCT = YES;
			};
			name = Release;
		};
		DF3A361719ED42F000606980 /* Debug */ = {
			isa = XCBuildConfiguration;
			buildSettings = {
				ASSETCATALOG_COMPILER_APPICON_NAME = AppIcon;
				INFOPLIST_FILE = SizeClasse/Info.plist;
				LD_RUNPATH_SEARCH_PATHS = "$(inherited) @executable_path/Frameworks";
				PRODUCT_NAME = "$(TARGET_NAME)";
			};
			name = Debug;
		};
		DF3A361819ED42F000606980 /* Release */ = {
			isa = XCBuildConfiguration;
			buildSettings = {
				ASSETCATALOG_COMPILER_APPICON_NAME = AppIcon;
				INFOPLIST_FILE = SizeClasse/Info.plist;
				LD_RUNPATH_SEARCH_PATHS = "$(inherited) @executable_path/Frameworks";
				PRODUCT_NAME = "$(TARGET_NAME)";
			};
			name = Release;
		};
		DF3A361A19ED42F000606980 /* Debug */ = {
			isa = XCBuildConfiguration;
			buildSettings = {
				BUNDLE_LOADER = "$(TEST_HOST)";
				FRAMEWORK_SEARCH_PATHS = (
					"$(SDKROOT)/Developer/Library/Frameworks",
					"$(inherited)",
				);
				GCC_PREPROCESSOR_DEFINITIONS = (
					"DEBUG=1",
					"$(inherited)",
				);
				INFOPLIST_FILE = SizeClasseTests/Info.plist;
				LD_RUNPATH_SEARCH_PATHS = "$(inherited) @executable_path/Frameworks @loader_path/Frameworks";
				PRODUCT_NAME = "$(TARGET_NAME)";
				TEST_HOST = "$(BUILT_PRODUCTS_DIR)/SizeClasse.app/SizeClasse";
			};
			name = Debug;
		};
		DF3A361B19ED42F000606980 /* Release */ = {
			isa = XCBuildConfiguration;
			buildSettings = {
				BUNDLE_LOADER = "$(TEST_HOST)";
				FRAMEWORK_SEARCH_PATHS = (
					"$(SDKROOT)/Developer/Library/Frameworks",
					"$(inherited)",
				);
				INFOPLIST_FILE = SizeClasseTests/Info.plist;
				LD_RUNPATH_SEARCH_PATHS = "$(inherited) @executable_path/Frameworks @loader_path/Frameworks";
				PRODUCT_NAME = "$(TARGET_NAME)";
				TEST_HOST = "$(BUILT_PRODUCTS_DIR)/SizeClasse.app/SizeClasse";
			};
			name = Release;
		};
/* End XCBuildConfiguration section */

/* Begin XCConfigurationList section */
		DF3A35F219ED42F000606980 /* Build configuration list for PBXProject "SizeClasse" */ = {
			isa = XCConfigurationList;
			buildConfigurations = (
				DF3A361419ED42F000606980 /* Debug */,
				DF3A361519ED42F000606980 /* Release */,
			);
			defaultConfigurationIsVisible = 0;
			defaultConfigurationName = Release;
		};
		DF3A361619ED42F000606980 /* Build configuration list for PBXNativeTarget "SizeClasse" */ = {
			isa = XCConfigurationList;
			buildConfigurations = (
				DF3A361719ED42F000606980 /* Debug */,
				DF3A361819ED42F000606980 /* Release */,
			);
			defaultConfigurationIsVisible = 0;
		};
		DF3A361919ED42F000606980 /* Build configuration list for PBXNativeTarget "SizeClasseTests" */ = {
			isa = XCConfigurationList;
			buildConfigurations = (
				DF3A361A19ED42F000606980 /* Debug */,
				DF3A361B19ED42F000606980 /* Release */,
			);
			defaultConfigurationIsVisible = 0;
		};
/* End XCConfigurationList section */
	};
	rootObject = DF3A35EF19ED42F000606980 /* Project object */;
}
